
Microsoft Visual Studio Solution File, Format Version 11.00
# Visual Studio 2010
Project("{8BC9CEB8-8B4A-11D0-8D11-00A0C91BC942}") = "Engine", "Engine\Engine.vcxproj", "{A110B53D-FF13-4B46-BE40-DF3377753D29}"
	ProjectSection(ProjectDependencies) = postProject
		{FB1A9503-D67D-4311-AB3B-113DAD7D6F9F} = {FB1A9503-D67D-4311-AB3B-113DAD7D6F9F}
		{4FB13909-78CD-4AA3-9287-1AC8CB95C5CF} = {4FB13909-78CD-4AA3-9287-1AC8CB95C5CF}
		{FF70DC70-8680-46C5-BBC7-8A4781C88B6F} = {FF70DC70-8680-46C5-BBC7-8A4781C88B6F}
		{8949627B-95BF-43A1-8FB4-87CB886F067F} = {8949627B-95BF-43A1-8FB4-87CB886F067F}
		{02596DDA-8B5A-4CD5-9C52-6EB922396A10} = {02596DDA-8B5A-4CD5-9C52-6EB922396A10}
		{E0CD2BE1-EDFC-45EB-BCBE-227066D84887} = {E0CD2BE1-EDFC-45EB-BCBE-227066D84887}
		{4E915AE2-2C7A-4C4F-9A99-0A289E9A0EE5} = {4E915AE2-2C7A-4C4F-9A99-0A289E9A0EE5}
		{C406DAEC-0886-4771-8DEA-9D7329B46CC1} = {C406DAEC-0886-4771-8DEA-9D7329B46CC1}
	EndProjectSection
EndProject
Project("{8BC9CEB8-8B4A-11D0-8D11-00A0C91BC942}") = "Squall", "Squall\Squall.vcxproj", "{E0CD2BE1-EDFC-45EB-BCBE-227066D84887}"
EndProject
Project("{8BC9CEB8-8B4A-11D0-8D11-00A0C91BC942}") = "Lua", "Lua\Lua.vcxproj", "{FF70DC70-8680-46C5-BBC7-8A4781C88B6F}"
EndProject
Project("{8BC9CEB8-8B4A-11D0-8D11-00A0C91BC942}") = "Luabind", "LuaBind\Luabind.vcxproj", "{8949627B-95BF-43A1-8FB4-87CB886F067F}"
	ProjectSection(ProjectDependencies) = postProject
		{FF70DC70-8680-46C5-BBC7-8A4781C88B6F} = {FF70DC70-8680-46C5-BBC7-8A4781C88B6F}
	EndProjectSection
EndProject
Project("{8BC9CEB8-8B4A-11D0-8D11-00A0C91BC942}") = "guichan", "GUIChan\guichan.vcxproj", "{4E915AE2-2C7A-4C4F-9A99-0A289E9A0EE5}"
EndProject
Project("{8BC9CEB8-8B4A-11D0-8D11-00A0C91BC942}") = "hge", "HGE\src\core\hge.vcxproj", "{FB1A9503-D67D-4311-AB3B-113DAD7D6F9F}"
	ProjectSection(ProjectDependencies) = postProject
		{E0CD2BE1-EDFC-45EB-BCBE-227066D84887} = {E0CD2BE1-EDFC-45EB-BCBE-227066D84887}
	EndProjectSection
EndProject
Project("{8BC9CEB8-8B4A-11D0-8D11-00A0C91BC942}") = "hgehelp", "HGE\src\helpers\hgehelp.vcxproj", "{4FB13909-78CD-4AA3-9287-1AC8CB95C5CF}"
	ProjectSection(ProjectDependencies) = postProject
		{FB1A9503-D67D-4311-AB3B-113DAD7D6F9F} = {FB1A9503-D67D-4311-AB3B-113DAD7D6F9F}
		{E0CD2BE1-EDFC-45EB-BCBE-227066D84887} = {E0CD2BE1-EDFC-45EB-BCBE-227066D84887}
	EndProjectSection
EndProject
Project("{8BC9CEB8-8B4A-11D0-8D11-00A0C91BC942}") = "tinyxml", "TinyXML\tinyxml_lib.vcxproj", "{C406DAEC-0886-4771-8DEA-9D7329B46CC1}"
EndProject
Project("{8BC9CEB8-8B4A-11D0-8D11-00A0C91BC942}") = "Box2D", "Box2D\Box2D\Box2D.vcxproj", "{02596DDA-8B5A-4CD5-9C52-6EB922396A10}"
EndProject
Project("{8BC9CEB8-8B4A-11D0-8D11-00A0C91BC942}") = "ZombieLand", "ZombieLand\ZombieLand.vcxproj", "{335ADDE9-3CDA-4414-8379-46408E2D98BE}"
	ProjectSection(ProjectDependencies) = postProject
		{FB1A9503-D67D-4311-AB3B-113DAD7D6F9F} = {FB1A9503-D67D-4311-AB3B-113DAD7D6F9F}
		{4FB13909-78CD-4AA3-9287-1AC8CB95C5CF} = {4FB13909-78CD-4AA3-9287-1AC8CB95C5CF}
		{A110B53D-FF13-4B46-BE40-DF3377753D29} = {A110B53D-FF13-4B46-BE40-DF3377753D29}
		{FF70DC70-8680-46C5-BBC7-8A4781C88B6F} = {FF70DC70-8680-46C5-BBC7-8A4781C88B6F}
		{8949627B-95BF-43A1-8FB4-87CB886F067F} = {8949627B-95BF-43A1-8FB4-87CB886F067F}
		{02596DDA-8B5A-4CD5-9C52-6EB922396A10} = {02596DDA-8B5A-4CD5-9C52-6EB922396A10}
		{E0CD2BE1-EDFC-45EB-BCBE-227066D84887} = {E0CD2BE1-EDFC-45EB-BCBE-227066D84887}
		{4E915AE2-2C7A-4C4F-9A99-0A289E9A0EE5} = {4E915AE2-2C7A-4C4F-9A99-0A289E9A0EE5}
		{C406DAEC-0886-4771-8DEA-9D7329B46CC1} = {C406DAEC-0886-4771-8DEA-9D7329B46CC1}
	EndProjectSection
EndProject
Global
	GlobalSection(SolutionConfigurationPlatforms) = preSolution
		Debug|Mixed Platforms = Debug|Mixed Platforms
		Debug|Win32 = Debug|Win32
		Debug|x86 = Debug|x86
		MinSizeRel|Mixed Platforms = MinSizeRel|Mixed Platforms
		MinSizeRel|Win32 = MinSizeRel|Win32
		MinSizeRel|x86 = MinSizeRel|x86
		Release|Mixed Platforms = Release|Mixed Platforms
		Release|Win32 = Release|Win32
		Release|x86 = Release|x86
		RelWithDebInfo|Mixed Platforms = RelWithDebInfo|Mixed Platforms
		RelWithDebInfo|Win32 = RelWithDebInfo|Win32
		RelWithDebInfo|x86 = RelWithDebInfo|x86
		Squall Debug|Mixed Platforms = Squall Debug|Mixed Platforms
		Squall Debug|Win32 = Squall Debug|Win32
		Squall Debug|x86 = Squall Debug|x86
		Squall Release|Mixed Platforms = Squall Release|Mixed Platforms
		Squall Release|Win32 = Squall Release|Win32
		Squall Release|x86 = Squall Release|x86
	EndGlobalSection
	GlobalSection(ProjectConfigurationPlatforms) = postSolution
		{A110B53D-FF13-4B46-BE40-DF3377753D29}.Debug|Mixed Platforms.ActiveCfg = Debug|Win32
		{A110B53D-FF13-4B46-BE40-DF3377753D29}.Debug|Mixed Platforms.Build.0 = Debug|Win32
		{A110B53D-FF13-4B46-BE40-DF3377753D29}.Debug|Win32.ActiveCfg = Debug|Win32
		{A110B53D-FF13-4B46-BE40-DF3377753D29}.Debug|Win32.Build.0 = Debug|Win32
		{A110B53D-FF13-4B46-BE40-DF3377753D29}.Debug|x86.ActiveCfg = Debug|Win32
		{A110B53D-FF13-4B46-BE40-DF3377753D29}.MinSizeRel|Mixed Platforms.ActiveCfg = Release|Win32
		{A110B53D-FF13-4B46-BE40-DF3377753D29}.MinSizeRel|Mixed Platforms.Build.0 = Release|Win32
		{A110B53D-FF13-4B46-BE40-DF3377753D29}.MinSizeRel|Win32.ActiveCfg = Release|Win32
		{A110B53D-FF13-4B46-BE40-DF3377753D29}.MinSizeRel|Win32.Build.0 = Release|Win32
		{A110B53D-FF13-4B46-BE40-DF3377753D29}.MinSizeRel|x86.ActiveCfg = Release|Win32
		{A110B53D-FF13-4B46-BE40-DF3377753D29}.Release|Mixed Platforms.ActiveCfg = Release|Win32
		{A110B53D-FF13-4B46-BE40-DF3377753D29}.Release|Mixed Platforms.Build.0 = Release|Win32
		{A110B53D-FF13-4B46-BE40-DF3377753D29}.Release|Win32.ActiveCfg = Release|Win32
		{A110B53D-FF13-4B46-BE40-DF3377753D29}.Release|Win32.Build.0 = Release|Win32
		{A110B53D-FF13-4B46-BE40-DF3377753D29}.Release|x86.ActiveCfg = Release|Win32
		{A110B53D-FF13-4B46-BE40-DF3377753D29}.RelWithDebInfo|Mixed Platforms.ActiveCfg = Release|Win32
		{A110B53D-FF13-4B46-BE40-DF3377753D29}.RelWithDebInfo|Mixed Platforms.Build.0 = Release|Win32
		{A110B53D-FF13-4B46-BE40-DF3377753D29}.RelWithDebInfo|Win32.ActiveCfg = Release|Win32
		{A110B53D-FF13-4B46-BE40-DF3377753D29}.RelWithDebInfo|Win32.Build.0 = Release|Win32
		{A110B53D-FF13-4B46-BE40-DF3377753D29}.RelWithDebInfo|x86.ActiveCfg = Release|Win32
		{A110B53D-FF13-4B46-BE40-DF3377753D29}.Squall Debug|Mixed Platforms.ActiveCfg = Debug|Win32
		{A110B53D-FF13-4B46-BE40-DF3377753D29}.Squall Debug|Mixed Platforms.Build.0 = Debug|Win32
		{A110B53D-FF13-4B46-BE40-DF3377753D29}.Squall Debug|Win32.ActiveCfg = Debug|Win32
		{A110B53D-FF13-4B46-BE40-DF3377753D29}.Squall Debug|Win32.Build.0 = Debug|Win32
		{A110B53D-FF13-4B46-BE40-DF3377753D29}.Squall Debug|x86.ActiveCfg = Debug|Win32
		{A110B53D-FF13-4B46-BE40-DF3377753D29}.Squall Release|Mixed Platforms.ActiveCfg = Release|Win32
		{A110B53D-FF13-4B46-BE40-DF3377753D29}.Squall Release|Mixed Platforms.Build.0 = Release|Win32
		{A110B53D-FF13-4B46-BE40-DF3377753D29}.Squall Release|Win32.ActiveCfg = Release|Win32
		{A110B53D-FF13-4B46-BE40-DF3377753D29}.Squall Release|Win32.Build.0 = Release|Win32
		{A110B53D-FF13-4B46-BE40-DF3377753D29}.Squall Release|x86.ActiveCfg = Release|Win32
		{E0CD2BE1-EDFC-45EB-BCBE-227066D84887}.Debug|Mixed Platforms.ActiveCfg = Squall Release|Win32
		{E0CD2BE1-EDFC-45EB-BCBE-227066D84887}.Debug|Mixed Platforms.Build.0 = Squall Release|Win32
		{E0CD2BE1-EDFC-45EB-BCBE-227066D84887}.Debug|Win32.ActiveCfg = Squall Debug|Win32
		{E0CD2BE1-EDFC-45EB-BCBE-227066D84887}.Debug|Win32.Build.0 = Squall Debug|Win32
		{E0CD2BE1-EDFC-45EB-BCBE-227066D84887}.Debug|x86.ActiveCfg = Squall Release|Win32
		{E0CD2BE1-EDFC-45EB-BCBE-227066D84887}.MinSizeRel|Mixed Platforms.ActiveCfg = Squall Release|Win32
		{E0CD2BE1-EDFC-45EB-BCBE-227066D84887}.MinSizeRel|Mixed Platforms.Build.0 = Squall Release|Win32
		{E0CD2BE1-EDFC-45EB-BCBE-227066D84887}.MinSizeRel|Win32.ActiveCfg = Squall Release|Win32
		{E0CD2BE1-EDFC-45EB-BCBE-227066D84887}.MinSizeRel|Win32.Build.0 = Squall Release|Win32
		{E0CD2BE1-EDFC-45EB-BCBE-227066D84887}.MinSizeRel|x86.ActiveCfg = Squall Release|Win32
		{E0CD2BE1-EDFC-45EB-BCBE-227066D84887}.Release|Mixed Platforms.ActiveCfg = Squall Release|Win32
		{E0CD2BE1-EDFC-45EB-BCBE-227066D84887}.Release|Mixed Platforms.Build.0 = Squall Release|Win32
		{E0CD2BE1-EDFC-45EB-BCBE-227066D84887}.Release|Win32.ActiveCfg = Squall Release|Win32
		{E0CD2BE1-EDFC-45EB-BCBE-227066D84887}.Release|Win32.Build.0 = Squall Release|Win32
		{E0CD2BE1-EDFC-45EB-BCBE-227066D84887}.Release|x86.ActiveCfg = Squall Release|Win32
		{E0CD2BE1-EDFC-45EB-BCBE-227066D84887}.RelWithDebInfo|Mixed Platforms.ActiveCfg = Squall Release|Win32
		{E0CD2BE1-EDFC-45EB-BCBE-227066D84887}.RelWithDebInfo|Mixed Platforms.Build.0 = Squall Release|Win32
		{E0CD2BE1-EDFC-45EB-BCBE-227066D84887}.RelWithDebInfo|Win32.ActiveCfg = Squall Release|Win32
		{E0CD2BE1-EDFC-45EB-BCBE-227066D84887}.RelWithDebInfo|Win32.Build.0 = Squall Release|Win32
		{E0CD2BE1-EDFC-45EB-BCBE-227066D84887}.RelWithDebInfo|x86.ActiveCfg = Squall Release|Win32
		{E0CD2BE1-EDFC-45EB-BCBE-227066D84887}.Squall Debug|Mixed Platforms.ActiveCfg = Squall Debug|Win32
		{E0CD2BE1-EDFC-45EB-BCBE-227066D84887}.Squall Debug|Mixed Platforms.Build.0 = Squall Debug|Win32
		{E0CD2BE1-EDFC-45EB-BCBE-227066D84887}.Squall Debug|Win32.ActiveCfg = Squall Debug|Win32
		{E0CD2BE1-EDFC-45EB-BCBE-227066D84887}.Squall Debug|Win32.Build.0 = Squall Debug|Win32
		{E0CD2BE1-EDFC-45EB-BCBE-227066D84887}.Squall Debug|x86.ActiveCfg = Squall Debug|Win32
		{E0CD2BE1-EDFC-45EB-BCBE-227066D84887}.Squall Release|Mixed Platforms.ActiveCfg = Squall Release|Win32
		{E0CD2BE1-EDFC-45EB-BCBE-227066D84887}.Squall Release|Mixed Platforms.Build.0 = Squall Release|Win32
		{E0CD2BE1-EDFC-45EB-BCBE-227066D84887}.Squall Release|Win32.ActiveCfg = Squall Release|Win32
		{E0CD2BE1-EDFC-45EB-BCBE-227066D84887}.Squall Release|Win32.Build.0 = Squall Release|Win32
		{E0CD2BE1-EDFC-45EB-BCBE-227066D84887}.Squall Release|x86.ActiveCfg = Squall Release|Win32
		{FF70DC70-8680-46C5-BBC7-8A4781C88B6F}.Debug|Mixed Platforms.ActiveCfg = Debug|Win32
		{FF70DC70-8680-46C5-BBC7-8A4781C88B6F}.Debug|Mixed Platforms.Build.0 = Debug|Win32
		{FF70DC70-8680-46C5-BBC7-8A4781C88B6F}.Debug|Win32.ActiveCfg = Debug|Win32
		{FF70DC70-8680-46C5-BBC7-8A4781C88B6F}.Debug|Win32.Build.0 = Debug|Win32
		{FF70DC70-8680-46C5-BBC7-8A4781C88B6F}.Debug|x86.ActiveCfg = Debug|Win32
		{FF70DC70-8680-46C5-BBC7-8A4781C88B6F}.MinSizeRel|Mixed Platforms.ActiveCfg = Release|Win32
		{FF70DC70-8680-46C5-BBC7-8A4781C88B6F}.MinSizeRel|Mixed Platforms.Build.0 = Release|Win32
		{FF70DC70-8680-46C5-BBC7-8A4781C88B6F}.MinSizeRel|Win32.ActiveCfg = Release|Win32
		{FF70DC70-8680-46C5-BBC7-8A4781C88B6F}.MinSizeRel|Win32.Build.0 = Release|Win32
		{FF70DC70-8680-46C5-BBC7-8A4781C88B6F}.MinSizeRel|x86.ActiveCfg = Release|Win32
		{FF70DC70-8680-46C5-BBC7-8A4781C88B6F}.Release|Mixed Platforms.ActiveCfg = Release|Win32
		{FF70DC70-8680-46C5-BBC7-8A4781C88B6F}.Release|Mixed Platforms.Build.0 = Release|Win32
		{FF70DC70-8680-46C5-BBC7-8A4781C88B6F}.Release|Win32.ActiveCfg = Release|Win32
		{FF70DC70-8680-46C5-BBC7-8A4781C88B6F}.Release|Win32.Build.0 = Release|Win32
		{FF70DC70-8680-46C5-BBC7-8A4781C88B6F}.Release|x86.ActiveCfg = Release|Win32
		{FF70DC70-8680-46C5-BBC7-8A4781C88B6F}.RelWithDebInfo|Mixed Platforms.ActiveCfg = Release|Win32
		{FF70DC70-8680-46C5-BBC7-8A4781C88B6F}.RelWithDebInfo|Mixed Platforms.Build.0 = Release|Win32
		{FF70DC70-8680-46C5-BBC7-8A4781C88B6F}.RelWithDebInfo|Win32.ActiveCfg = Release|Win32
		{FF70DC70-8680-46C5-BBC7-8A4781C88B6F}.RelWithDebInfo|Win32.Build.0 = Release|Win32
		{FF70DC70-8680-46C5-BBC7-8A4781C88B6F}.RelWithDebInfo|x86.ActiveCfg = Release|Win32
		{FF70DC70-8680-46C5-BBC7-8A4781C88B6F}.Squall Debug|Mixed Platforms.ActiveCfg = Debug|Win32
		{FF70DC70-8680-46C5-BBC7-8A4781C88B6F}.Squall Debug|Mixed Platforms.Build.0 = Debug|Win32
		{FF70DC70-8680-46C5-BBC7-8A4781C88B6F}.Squall Debug|Win32.ActiveCfg = Debug|Win32
		{FF70DC70-8680-46C5-BBC7-8A4781C88B6F}.Squall Debug|Win32.Build.0 = Debug|Win32
		{FF70DC70-8680-46C5-BBC7-8A4781C88B6F}.Squall Debug|x86.ActiveCfg = Debug|Win32
		{FF70DC70-8680-46C5-BBC7-8A4781C88B6F}.Squall Release|Mixed Platforms.ActiveCfg = Release|Win32
		{FF70DC70-8680-46C5-BBC7-8A4781C88B6F}.Squall Release|Mixed Platforms.Build.0 = Release|Win32
		{FF70DC70-8680-46C5-BBC7-8A4781C88B6F}.Squall Release|Win32.ActiveCfg = Release|Win32
		{FF70DC70-8680-46C5-BBC7-8A4781C88B6F}.Squall Release|Win32.Build.0 = Release|Win32
		{FF70DC70-8680-46C5-BBC7-8A4781C88B6F}.Squall Release|x86.ActiveCfg = Release|Win32
		{8949627B-95BF-43A1-8FB4-87CB886F067F}.Debug|Mixed Platforms.ActiveCfg = Debug|Win32
		{8949627B-95BF-43A1-8FB4-87CB886F067F}.Debug|Mixed Platforms.Build.0 = Debug|Win32
		{8949627B-95BF-43A1-8FB4-87CB886F067F}.Debug|Win32.ActiveCfg = Debug|Win32
		{8949627B-95BF-43A1-8FB4-87CB886F067F}.Debug|Win32.Build.0 = Debug|Win32
		{8949627B-95BF-43A1-8FB4-87CB886F067F}.Debug|x86.ActiveCfg = Debug|Win32
		{8949627B-95BF-43A1-8FB4-87CB886F067F}.MinSizeRel|Mixed Platforms.ActiveCfg = Release|Win32
		{8949627B-95BF-43A1-8FB4-87CB886F067F}.MinSizeRel|Mixed Platforms.Build.0 = Release|Win32
		{8949627B-95BF-43A1-8FB4-87CB886F067F}.MinSizeRel|Win32.ActiveCfg = Release|Win32
		{8949627B-95BF-43A1-8FB4-87CB886F067F}.MinSizeRel|Win32.Build.0 = Release|Win32
		{8949627B-95BF-43A1-8FB4-87CB886F067F}.MinSizeRel|x86.ActiveCfg = Release|Win32
		{8949627B-95BF-43A1-8FB4-87CB886F067F}.Release|Mixed Platforms.ActiveCfg = Release|Win32
		{8949627B-95BF-43A1-8FB4-87CB886F067F}.Release|Mixed Platforms.Build.0 = Release|Win32
		{8949627B-95BF-43A1-8FB4-87CB886F067F}.Release|Win32.ActiveCfg = Release|Win32
		{8949627B-95BF-43A1-8FB4-87CB886F067F}.Release|Win32.Build.0 = Release|Win32
		{8949627B-95BF-43A1-8FB4-87CB886F067F}.Release|x86.ActiveCfg = Release|Win32
		{8949627B-95BF-43A1-8FB4-87CB886F067F}.RelWithDebInfo|Mixed Platforms.ActiveCfg = Release|Win32
		{8949627B-95BF-43A1-8FB4-87CB886F067F}.RelWithDebInfo|Mixed Platforms.Build.0 = Release|Win32
		{8949627B-95BF-43A1-8FB4-87CB886F067F}.RelWithDebInfo|Win32.ActiveCfg = Release|Win32
		{8949627B-95BF-43A1-8FB4-87CB886F067F}.RelWithDebInfo|Win32.Build.0 = Release|Win32
		{8949627B-95BF-43A1-8FB4-87CB886F067F}.RelWithDebInfo|x86.ActiveCfg = Release|Win32
		{8949627B-95BF-43A1-8FB4-87CB886F067F}.Squall Debug|Mixed Platforms.ActiveCfg = Debug|Win32
		{8949627B-95BF-43A1-8FB4-87CB886F067F}.Squall Debug|Mixed Platforms.Build.0 = Debug|Win32
		{8949627B-95BF-43A1-8FB4-87CB886F067F}.Squall Debug|Win32.ActiveCfg = Debug|Win32
		{8949627B-95BF-43A1-8FB4-87CB886F067F}.Squall Debug|Win32.Build.0 = Debug|Win32
		{8949627B-95BF-43A1-8FB4-87CB886F067F}.Squall Debug|x86.ActiveCfg = Debug|Win32
		{8949627B-95BF-43A1-8FB4-87CB886F067F}.Squall Release|Mixed Platforms.ActiveCfg = Release|Win32
		{8949627B-95BF-43A1-8FB4-87CB886F067F}.Squall Release|Mixed Platforms.Build.0 = Release|Win32
		{8949627B-95BF-43A1-8FB4-87CB886F067F}.Squall Release|Win32.ActiveCfg = Release|Win32
		{8949627B-95BF-43A1-8FB4-87CB886F067F}.Squall Release|Win32.Build.0 = Release|Win32
		{8949627B-95BF-43A1-8FB4-87CB886F067F}.Squall Release|x86.ActiveCfg = Release|Win32
		{4E915AE2-2C7A-4C4F-9A99-0A289E9A0EE5}.Debug|Mixed Platforms.ActiveCfg = Debug|Win32
		{4E915AE2-2C7A-4C4F-9A99-0A289E9A0EE5}.Debug|Mixed Platforms.Build.0 = Debug|Win32
		{4E915AE2-2C7A-4C4F-9A99-0A289E9A0EE5}.Debug|Win32.ActiveCfg = Debug|Win32
		{4E915AE2-2C7A-4C4F-9A99-0A289E9A0EE5}.Debug|Win32.Build.0 = Debug|Win32
		{4E915AE2-2C7A-4C4F-9A99-0A289E9A0EE5}.Debug|x86.ActiveCfg = Debug|Win32
		{4E915AE2-2C7A-4C4F-9A99-0A289E9A0EE5}.MinSizeRel|Mixed Platforms.ActiveCfg = MinSizeRel|Win32
		{4E915AE2-2C7A-4C4F-9A99-0A289E9A0EE5}.MinSizeRel|Mixed Platforms.Build.0 = MinSizeRel|Win32
		{4E915AE2-2C7A-4C4F-9A99-0A289E9A0EE5}.MinSizeRel|Win32.ActiveCfg = MinSizeRel|Win32
		{4E915AE2-2C7A-4C4F-9A99-0A289E9A0EE5}.MinSizeRel|Win32.Build.0 = MinSizeRel|Win32
		{4E915AE2-2C7A-4C4F-9A99-0A289E9A0EE5}.MinSizeRel|x86.ActiveCfg = MinSizeRel|Win32
		{4E915AE2-2C7A-4C4F-9A99-0A289E9A0EE5}.Release|Mixed Platforms.ActiveCfg = Release|Win32
		{4E915AE2-2C7A-4C4F-9A99-0A289E9A0EE5}.Release|Mixed Platforms.Build.0 = Release|Win32
		{4E915AE2-2C7A-4C4F-9A99-0A289E9A0EE5}.Release|Win32.ActiveCfg = Release|Win32
		{4E915AE2-2C7A-4C4F-9A99-0A289E9A0EE5}.Release|Win32.Build.0 = Release|Win32
		{4E915AE2-2C7A-4C4F-9A99-0A289E9A0EE5}.Release|x86.ActiveCfg = Release|Win32
		{4E915AE2-2C7A-4C4F-9A99-0A289E9A0EE5}.RelWithDebInfo|Mixed Platforms.ActiveCfg = RelWithDebInfo|Win32
		{4E915AE2-2C7A-4C4F-9A99-0A289E9A0EE5}.RelWithDebInfo|Mixed Platforms.Build.0 = RelWithDebInfo|Win32
		{4E915AE2-2C7A-4C4F-9A99-0A289E9A0EE5}.RelWithDebInfo|Win32.ActiveCfg = RelWithDebInfo|Win32
		{4E915AE2-2C7A-4C4F-9A99-0A289E9A0EE5}.RelWithDebInfo|Win32.Build.0 = RelWithDebInfo|Win32
		{4E915AE2-2C7A-4C4F-9A99-0A289E9A0EE5}.RelWithDebInfo|x86.ActiveCfg = RelWithDebInfo|Win32
		{4E915AE2-2C7A-4C4F-9A99-0A289E9A0EE5}.Squall Debug|Mixed Platforms.ActiveCfg = Debug|Win32
		{4E915AE2-2C7A-4C4F-9A99-0A289E9A0EE5}.Squall Debug|Mixed Platforms.Build.0 = Debug|Win32
		{4E915AE2-2C7A-4C4F-9A99-0A289E9A0EE5}.Squall Debug|Win32.ActiveCfg = Debug|Win32
		{4E915AE2-2C7A-4C4F-9A99-0A289E9A0EE5}.Squall Debug|Win32.Build.0 = Debug|Win32
		{4E915AE2-2C7A-4C4F-9A99-0A289E9A0EE5}.Squall Debug|x86.ActiveCfg = Debug|Win32
		{4E915AE2-2C7A-4C4F-9A99-0A289E9A0EE5}.Squall Release|Mixed Platforms.ActiveCfg = Release|Win32
		{4E915AE2-2C7A-4C4F-9A99-0A289E9A0EE5}.Squall Release|Mixed Platforms.Build.0 = Release|Win32
		{4E915AE2-2C7A-4C4F-9A99-0A289E9A0EE5}.Squall Release|Win32.ActiveCfg = Release|Win32
		{4E915AE2-2C7A-4C4F-9A99-0A289E9A0EE5}.Squall Release|Win32.Build.0 = Release|Win32
		{4E915AE2-2C7A-4C4F-9A99-0A289E9A0EE5}.Squall Release|x86.ActiveCfg = Release|Win32
		{FB1A9503-D67D-4311-AB3B-113DAD7D6F9F}.Debug|Mixed Platforms.ActiveCfg = Debug|Win32
		{FB1A9503-D67D-4311-AB3B-113DAD7D6F9F}.Debug|Mixed Platforms.Build.0 = Debug|Win32
		{FB1A9503-D67D-4311-AB3B-113DAD7D6F9F}.Debug|Win32.ActiveCfg = Debug|Win32
		{FB1A9503-D67D-4311-AB3B-113DAD7D6F9F}.Debug|Win32.Build.0 = Debug|Win32
		{FB1A9503-D67D-4311-AB3B-113DAD7D6F9F}.Debug|x86.ActiveCfg = Debug|Win32
		{FB1A9503-D67D-4311-AB3B-113DAD7D6F9F}.MinSizeRel|Mixed Platforms.ActiveCfg = Release|Win32
		{FB1A9503-D67D-4311-AB3B-113DAD7D6F9F}.MinSizeRel|Mixed Platforms.Build.0 = Release|Win32
		{FB1A9503-D67D-4311-AB3B-113DAD7D6F9F}.MinSizeRel|Win32.ActiveCfg = Release|Win32
		{FB1A9503-D67D-4311-AB3B-113DAD7D6F9F}.MinSizeRel|Win32.Build.0 = Release|Win32
		{FB1A9503-D67D-4311-AB3B-113DAD7D6F9F}.MinSizeRel|x86.ActiveCfg = Release|Win32
		{FB1A9503-D67D-4311-AB3B-113DAD7D6F9F}.Release|Mixed Platforms.ActiveCfg = Release|Win32
		{FB1A9503-D67D-4311-AB3B-113DAD7D6F9F}.Release|Mixed Platforms.Build.0 = Release|Win32
		{FB1A9503-D67D-4311-AB3B-113DAD7D6F9F}.Release|Win32.ActiveCfg = Release|Win32
		{FB1A9503-D67D-4311-AB3B-113DAD7D6F9F}.Release|Win32.Build.0 = Release|Win32
		{FB1A9503-D67D-4311-AB3B-113DAD7D6F9F}.Release|x86.ActiveCfg = Release|Win32
		{FB1A9503-D67D-4311-AB3B-113DAD7D6F9F}.RelWithDebInfo|Mixed Platforms.ActiveCfg = Release|Win32
		{FB1A9503-D67D-4311-AB3B-113DAD7D6F9F}.RelWithDebInfo|Mixed Platforms.Build.0 = Release|Win32
		{FB1A9503-D67D-4311-AB3B-113DAD7D6F9F}.RelWithDebInfo|Win32.ActiveCfg = Release|Win32
		{FB1A9503-D67D-4311-AB3B-113DAD7D6F9F}.RelWithDebInfo|Win32.Build.0 = Release|Win32
		{FB1A9503-D67D-4311-AB3B-113DAD7D6F9F}.RelWithDebInfo|x86.ActiveCfg = Release|Win32
		{FB1A9503-D67D-4311-AB3B-113DAD7D6F9F}.Squall Debug|Mixed Platforms.ActiveCfg = Debug|Win32
		{FB1A9503-D67D-4311-AB3B-113DAD7D6F9F}.Squall Debug|Mixed Platforms.Build.0 = Debug|Win32
		{FB1A9503-D67D-4311-AB3B-113DAD7D6F9F}.Squall Debug|Win32.ActiveCfg = Debug|Win32
		{FB1A9503-D67D-4311-AB3B-113DAD7D6F9F}.Squall Debug|Win32.Build.0 = Debug|Win32
		{FB1A9503-D67D-4311-AB3B-113DAD7D6F9F}.Squall Debug|x86.ActiveCfg = Debug|Win32
		{FB1A9503-D67D-4311-AB3B-113DAD7D6F9F}.Squall Release|Mixed Platforms.ActiveCfg = Release|Win32
		{FB1A9503-D67D-4311-AB3B-113DAD7D6F9F}.Squall Release|Mixed Platforms.Build.0 = Release|Win32
		{FB1A9503-D67D-4311-AB3B-113DAD7D6F9F}.Squall Release|Win32.ActiveCfg = Release|Win32
		{FB1A9503-D67D-4311-AB3B-113DAD7D6F9F}.Squall Release|Win32.Build.0 = Release|Win32
		{FB1A9503-D67D-4311-AB3B-113DAD7D6F9F}.Squall Release|x86.ActiveCfg = Release|Win32
		{4FB13909-78CD-4AA3-9287-1AC8CB95C5CF}.Debug|Mixed Platforms.ActiveCfg = Debug|Win32
		{4FB13909-78CD-4AA3-9287-1AC8CB95C5CF}.Debug|Mixed Platforms.Build.0 = Debug|Win32
		{4FB13909-78CD-4AA3-9287-1AC8CB95C5CF}.Debug|Win32.ActiveCfg = Debug|Win32
		{4FB13909-78CD-4AA3-9287-1AC8CB95C5CF}.Debug|Win32.Build.0 = Debug|Win32
		{4FB13909-78CD-4AA3-9287-1AC8CB95C5CF}.Debug|x86.ActiveCfg = Debug|Win32
		{4FB13909-78CD-4AA3-9287-1AC8CB95C5CF}.MinSizeRel|Mixed Platforms.ActiveCfg = Release|Win32
		{4FB13909-78CD-4AA3-9287-1AC8CB95C5CF}.MinSizeRel|Mixed Platforms.Build.0 = Release|Win32
		{4FB13909-78CD-4AA3-9287-1AC8CB95C5CF}.MinSizeRel|Win32.ActiveCfg = Release|Win32
		{4FB13909-78CD-4AA3-9287-1AC8CB95C5CF}.MinSizeRel|Win32.Build.0 = Release|Win32
		{4FB13909-78CD-4AA3-9287-1AC8CB95C5CF}.MinSizeRel|x86.ActiveCfg = Release|Win32
		{4FB13909-78CD-4AA3-9287-1AC8CB95C5CF}.Release|Mixed Platforms.ActiveCfg = Release|Win32
		{4FB13909-78CD-4AA3-9287-1AC8CB95C5CF}.Release|Mixed Platforms.Build.0 = Release|Win32
		{4FB13909-78CD-4AA3-9287-1AC8CB95C5CF}.Release|Win32.ActiveCfg = Release|Win32
		{4FB13909-78CD-4AA3-9287-1AC8CB95C5CF}.Release|Win32.Build.0 = Release|Win32
		{4FB13909-78CD-4AA3-9287-1AC8CB95C5CF}.Release|x86.ActiveCfg = Release|Win32
		{4FB13909-78CD-4AA3-9287-1AC8CB95C5CF}.RelWithDebInfo|Mixed Platforms.ActiveCfg = Release|Win32
		{4FB13909-78CD-4AA3-9287-1AC8CB95C5CF}.RelWithDebInfo|Mixed Platforms.Build.0 = Release|Win32
		{4FB13909-78CD-4AA3-9287-1AC8CB95C5CF}.RelWithDebInfo|Win32.ActiveCfg = Release|Win32
		{4FB13909-78CD-4AA3-9287-1AC8CB95C5CF}.RelWithDebInfo|Win32.Build.0 = Release|Win32
		{4FB13909-78CD-4AA3-9287-1AC8CB95C5CF}.RelWithDebInfo|x86.ActiveCfg = Release|Win32
		{4FB13909-78CD-4AA3-9287-1AC8CB95C5CF}.Squall Debug|Mixed Platforms.ActiveCfg = Debug|Win32
		{4FB13909-78CD-4AA3-9287-1AC8CB95C5CF}.Squall Debug|Mixed Platforms.Build.0 = Debug|Win32
		{4FB13909-78CD-4AA3-9287-1AC8CB95C5CF}.Squall Debug|Win32.ActiveCfg = Debug|Win32
		{4FB13909-78CD-4AA3-9287-1AC8CB95C5CF}.Squall Debug|Win32.Build.0 = Debug|Win32
		{4FB13909-78CD-4AA3-9287-1AC8CB95C5CF}.Squall Debug|x86.ActiveCfg = Debug|Win32
		{4FB13909-78CD-4AA3-9287-1AC8CB95C5CF}.Squall Release|Mixed Platforms.ActiveCfg = Release|Win32
		{4FB13909-78CD-4AA3-9287-1AC8CB95C5CF}.Squall Release|Mixed Platforms.Build.0 = Release|Win32
		{4FB13909-78CD-4AA3-9287-1AC8CB95C5CF}.Squall Release|Win32.ActiveCfg = Release|Win32
		{4FB13909-78CD-4AA3-9287-1AC8CB95C5CF}.Squall Release|Win32.Build.0 = Release|Win32
		{4FB13909-78CD-4AA3-9287-1AC8CB95C5CF}.Squall Release|x86.ActiveCfg = Release|Win32
		{C406DAEC-0886-4771-8DEA-9D7329B46CC1}.Debug|Mixed Platforms.ActiveCfg = Debug|Win32
		{C406DAEC-0886-4771-8DEA-9D7329B46CC1}.Debug|Mixed Platforms.Build.0 = Debug|Win32
		{C406DAEC-0886-4771-8DEA-9D7329B46CC1}.Debug|Win32.ActiveCfg = Debug|Win32
		{C406DAEC-0886-4771-8DEA-9D7329B46CC1}.Debug|Win32.Build.0 = Debug|Win32
		{C406DAEC-0886-4771-8DEA-9D7329B46CC1}.Debug|x86.ActiveCfg = Debug|Win32
		{C406DAEC-0886-4771-8DEA-9D7329B46CC1}.MinSizeRel|Mixed Platforms.ActiveCfg = Release|Win32
		{C406DAEC-0886-4771-8DEA-9D7329B46CC1}.MinSizeRel|Mixed Platforms.Build.0 = Release|Win32
		{C406DAEC-0886-4771-8DEA-9D7329B46CC1}.MinSizeRel|Win32.ActiveCfg = Release|Win32
		{C406DAEC-0886-4771-8DEA-9D7329B46CC1}.MinSizeRel|Win32.Build.0 = Release|Win32
		{C406DAEC-0886-4771-8DEA-9D7329B46CC1}.MinSizeRel|x86.ActiveCfg = Release|Win32
		{C406DAEC-0886-4771-8DEA-9D7329B46CC1}.Release|Mixed Platforms.ActiveCfg = Release|Win32
		{C406DAEC-0886-4771-8DEA-9D7329B46CC1}.Release|Mixed Platforms.Build.0 = Release|Win32
		{C406DAEC-0886-4771-8DEA-9D7329B46CC1}.Release|Win32.ActiveCfg = Release|Win32
		{C406DAEC-0886-4771-8DEA-9D7329B46CC1}.Release|Win32.Build.0 = Release|Win32
		{C406DAEC-0886-4771-8DEA-9D7329B46CC1}.Release|x86.ActiveCfg = Release|Win32
		{C406DAEC-0886-4771-8DEA-9D7329B46CC1}.RelWithDebInfo|Mixed Platforms.ActiveCfg = Release|Win32
		{C406DAEC-0886-4771-8DEA-9D7329B46CC1}.RelWithDebInfo|Mixed Platforms.Build.0 = Release|Win32
		{C406DAEC-0886-4771-8DEA-9D7329B46CC1}.RelWithDebInfo|Win32.ActiveCfg = Release|Win32
		{C406DAEC-0886-4771-8DEA-9D7329B46CC1}.RelWithDebInfo|Win32.Build.0 = Release|Win32
		{C406DAEC-0886-4771-8DEA-9D7329B46CC1}.RelWithDebInfo|x86.ActiveCfg = Release|Win32
		{C406DAEC-0886-4771-8DEA-9D7329B46CC1}.Squall Debug|Mixed Platforms.ActiveCfg = Debug|Win32
		{C406DAEC-0886-4771-8DEA-9D7329B46CC1}.Squall Debug|Mixed Platforms.Build.0 = Debug|Win32
		{C406DAEC-0886-4771-8DEA-9D7329B46CC1}.Squall Debug|Win32.ActiveCfg = Debug|Win32
		{C406DAEC-0886-4771-8DEA-9D7329B46CC1}.Squall Debug|Win32.Build.0 = Debug|Win32
		{C406DAEC-0886-4771-8DEA-9D7329B46CC1}.Squall Debug|x86.ActiveCfg = Debug|Win32
		{C406DAEC-0886-4771-8DEA-9D7329B46CC1}.Squall Release|Mixed Platforms.ActiveCfg = Release|Win32
		{C406DAEC-0886-4771-8DEA-9D7329B46CC1}.Squall Release|Mixed Platforms.Build.0 = Release|Win32
		{C406DAEC-0886-4771-8DEA-9D7329B46CC1}.Squall Release|Win32.ActiveCfg = Release|Win32
		{C406DAEC-0886-4771-8DEA-9D7329B46CC1}.Squall Release|Win32.Build.0 = Release|Win32
		{C406DAEC-0886-4771-8DEA-9D7329B46CC1}.Squall Release|x86.ActiveCfg = Release|Win32
		{02596DDA-8B5A-4CD5-9C52-6EB922396A10}.Debug|Mixed Platforms.ActiveCfg = Debug|Win32
		{02596DDA-8B5A-4CD5-9C52-6EB922396A10}.Debug|Mixed Platforms.Build.0 = Debug|Win32
		{02596DDA-8B5A-4CD5-9C52-6EB922396A10}.Debug|Win32.ActiveCfg = Debug|Win32
		{02596DDA-8B5A-4CD5-9C52-6EB922396A10}.Debug|Win32.Build.0 = Debug|Win32
		{02596DDA-8B5A-4CD5-9C52-6EB922396A10}.Debug|x86.ActiveCfg = Debug|Win32
		{02596DDA-8B5A-4CD5-9C52-6EB922396A10}.MinSizeRel|Mixed Platforms.ActiveCfg = MinSizeRel|Win32
		{02596DDA-8B5A-4CD5-9C52-6EB922396A10}.MinSizeRel|Mixed Platforms.Build.0 = MinSizeRel|Win32
		{02596DDA-8B5A-4CD5-9C52-6EB922396A10}.MinSizeRel|Win32.ActiveCfg = MinSizeRel|Win32
		{02596DDA-8B5A-4CD5-9C52-6EB922396A10}.MinSizeRel|Win32.Build.0 = MinSizeRel|Win32
		{02596DDA-8B5A-4CD5-9C52-6EB922396A10}.MinSizeRel|x86.ActiveCfg = MinSizeRel|Win32
		{02596DDA-8B5A-4CD5-9C52-6EB922396A10}.Release|Mixed Platforms.ActiveCfg = Release|Win32
		{02596DDA-8B5A-4CD5-9C52-6EB922396A10}.Release|Mixed Platforms.Build.0 = Release|Win32
		{02596DDA-8B5A-4CD5-9C52-6EB922396A10}.Release|Win32.ActiveCfg = Release|Win32
		{02596DDA-8B5A-4CD5-9C52-6EB922396A10}.Release|Win32.Build.0 = Release|Win32
		{02596DDA-8B5A-4CD5-9C52-6EB922396A10}.Release|x86.ActiveCfg = Release|Win32
		{02596DDA-8B5A-4CD5-9C52-6EB922396A10}.RelWithDebInfo|Mixed Platforms.ActiveCfg = RelWithDebInfo|Win32
		{02596DDA-8B5A-4CD5-9C52-6EB922396A10}.RelWithDebInfo|Mixed Platforms.Build.0 = RelWithDebInfo|Win32
		{02596DDA-8B5A-4CD5-9C52-6EB922396A10}.RelWithDebInfo|Win32.ActiveCfg = RelWithDebInfo|Win32
		{02596DDA-8B5A-4CD5-9C52-6EB922396A10}.RelWithDebInfo|Win32.Build.0 = RelWithDebInfo|Win32
		{02596DDA-8B5A-4CD5-9C52-6EB922396A10}.RelWithDebInfo|x86.ActiveCfg = RelWithDebInfo|Win32
		{02596DDA-8B5A-4CD5-9C52-6EB922396A10}.Squall Debug|Mixed Platforms.ActiveCfg = Debug|Win32
		{02596DDA-8B5A-4CD5-9C52-6EB922396A10}.Squall Debug|Mixed Platforms.Build.0 = Debug|Win32
		{02596DDA-8B5A-4CD5-9C52-6EB922396A10}.Squall Debug|Win32.ActiveCfg = Debug|Win32
		{02596DDA-8B5A-4CD5-9C52-6EB922396A10}.Squall Debug|Win32.Build.0 = Debug|Win32
		{02596DDA-8B5A-4CD5-9C52-6EB922396A10}.Squall Debug|x86.ActiveCfg = Debug|Win32
		{02596DDA-8B5A-4CD5-9C52-6EB922396A10}.Squall Release|Mixed Platforms.ActiveCfg = Release|Win32
		{02596DDA-8B5A-4CD5-9C52-6EB922396A10}.Squall Release|Mixed Platforms.Build.0 = Release|Win32
		{02596DDA-8B5A-4CD5-9C52-6EB922396A10}.Squall Release|Win32.ActiveCfg = Release|Win32
		{02596DDA-8B5A-4CD5-9C52-6EB922396A10}.Squall Release|Win32.Build.0 = Release|Win32
		{02596DDA-8B5A-4CD5-9C52-6EB922396A10}.Squall Release|x86.ActiveCfg = Release|Win32
		{335ADDE9-3CDA-4414-8379-46408E2D98BE}.Debug|Mixed Platforms.ActiveCfg = Debug|Win32
		{335ADDE9-3CDA-4414-8379-46408E2D98BE}.Debug|Mixed Platforms.Build.0 = Debug|Win32
		{335ADDE9-3CDA-4414-8379-46408E2D98BE}.Debug|Win32.ActiveCfg = Debug|Win32
		{335ADDE9-3CDA-4414-8379-46408E2D98BE}.Debug|Win32.Build.0 = Debug|Win32
		{335ADDE9-3CDA-4414-8379-46408E2D98BE}.Debug|x86.ActiveCfg = Debug|Win32
		{335ADDE9-3CDA-4414-8379-46408E2D98BE}.MinSizeRel|Mixed Platforms.ActiveCfg = Release|Win32
		{335ADDE9-3CDA-4414-8379-46408E2D98BE}.MinSizeRel|Mixed Platforms.Build.0 = Release|Win32
		{335ADDE9-3CDA-4414-8379-46408E2D98BE}.MinSizeRel|Win32.ActiveCfg = Release|Win32
		{335ADDE9-3CDA-4414-8379-46408E2D98BE}.MinSizeRel|Win32.Build.0 = Release|Win32
		{335ADDE9-3CDA-4414-8379-46408E2D98BE}.MinSizeRel|x86.ActiveCfg = Release|Win32
		{335ADDE9-3CDA-4414-8379-46408E2D98BE}.Release|Mixed Platforms.ActiveCfg = Release|Win32
		{335ADDE9-3CDA-4414-8379-46408E2D98BE}.Release|Mixed Platforms.Build.0 = Release|Win32
		{335ADDE9-3CDA-4414-8379-46408E2D98BE}.Release|Win32.ActiveCfg = Release|Win32
		{335ADDE9-3CDA-4414-8379-46408E2D98BE}.Release|Win32.Build.0 = Release|Win32
		{335ADDE9-3CDA-4414-8379-46408E2D98BE}.Release|x86.ActiveCfg = Release|Win32
		{335ADDE9-3CDA-4414-8379-46408E2D98BE}.RelWithDebInfo|Mixed Platforms.ActiveCfg = Release|Win32
		{335ADDE9-3CDA-4414-8379-46408E2D98BE}.RelWithDebInfo|Mixed Platforms.Build.0 = Release|Win32
		{335ADDE9-3CDA-4414-8379-46408E2D98BE}.RelWithDebInfo|Win32.ActiveCfg = Release|Win32
		{335ADDE9-3CDA-4414-8379-46408E2D98BE}.RelWithDebInfo|Win32.Build.0 = Release|Win32
		{335ADDE9-3CDA-4414-8379-46408E2D98BE}.RelWithDebInfo|x86.ActiveCfg = Release|Win32
		{335ADDE9-3CDA-4414-8379-46408E2D98BE}.Squall Debug|Mixed Platforms.ActiveCfg = Debug|Win32
		{335ADDE9-3CDA-4414-8379-46408E2D98BE}.Squall Debug|Mixed Platforms.Build.0 = Debug|Win32
		{335ADDE9-3CDA-4414-8379-46408E2D98BE}.Squall Debug|Win32.ActiveCfg = Debug|Win32
		{335ADDE9-3CDA-4414-8379-46408E2D98BE}.Squall Debug|Win32.Build.0 = Debug|Win32
		{335ADDE9-3CDA-4414-8379-46408E2D98BE}.Squall Debug|x86.ActiveCfg = Debug|Win32
		{335ADDE9-3CDA-4414-8379-46408E2D98BE}.Squall Release|Mixed Platforms.ActiveCfg = Release|Win32
		{335ADDE9-3CDA-4414-8379-46408E2D98BE}.Squall Release|Mixed Platforms.Build.0 = Release|Win32
		{335ADDE9-3CDA-4414-8379-46408E2D98BE}.Squall Release|Win32.ActiveCfg = Release|Win32
		{335ADDE9-3CDA-4414-8379-46408E2D98BE}.Squall Release|Win32.Build.0 = Release|Win32
		{335ADDE9-3CDA-4414-8379-46408E2D98BE}.Squall Release|x86.ActiveCfg = Release|Win32
	EndGlobalSection
	GlobalSection(SolutionProperties) = preSolution
		HideSolutionNode = FALSE
	EndGlobalSection
EndGlobal
