
Microsoft Visual Studio Solution File, Format Version 11.00
# Visual Studio 2010
Project("{8BC9CEB8-8B4A-11D0-8D11-00A0C91BC942}") = "Engine", "Engine\Engine.vcxproj", "{A110B53D-FF13-4B46-BE40-DF3377753D29}"
EndProject
Project("{8BC9CEB8-8B4A-11D0-8D11-00A0C91BC942}") = "ZombieLand", "ZombieLand\ZombieLand.vcxproj", "{335ADDE9-3CDA-4414-8379-46408E2D98BE}"
	ProjectSection(ProjectDependencies) = postProject
		{A110B53D-FF13-4B46-BE40-DF3377753D29} = {A110B53D-FF13-4B46-BE40-DF3377753D29}
	EndProjectSection
EndProject
Global
	GlobalSection(SolutionConfigurationPlatforms) = preSolution
		Debug|Any CPU = Debug|Any CPU
		Debug|Mixed Platforms = Debug|Mixed Platforms
		Debug|Win32 = Debug|Win32
		Debug|x86 = Debug|x86
		MinSizeRel|Any CPU = MinSizeRel|Any CPU
		MinSizeRel|Mixed Platforms = MinSizeRel|Mixed Platforms
		MinSizeRel|Win32 = MinSizeRel|Win32
		MinSizeRel|x86 = MinSizeRel|x86
		Release|Any CPU = Release|Any CPU
		Release|Mixed Platforms = Release|Mixed Platforms
		Release|Win32 = Release|Win32
		Release|x86 = Release|x86
		RelWithDebInfo|Any CPU = RelWithDebInfo|Any CPU
		RelWithDebInfo|Mixed Platforms = RelWithDebInfo|Mixed Platforms
		RelWithDebInfo|Win32 = RelWithDebInfo|Win32
		RelWithDebInfo|x86 = RelWithDebInfo|x86
		Squall Debug|Any CPU = Squall Debug|Any CPU
		Squall Debug|Mixed Platforms = Squall Debug|Mixed Platforms
		Squall Debug|Win32 = Squall Debug|Win32
		Squall Debug|x86 = Squall Debug|x86
		Squall Release|Any CPU = Squall Release|Any CPU
		Squall Release|Mixed Platforms = Squall Release|Mixed Platforms
		Squall Release|Win32 = Squall Release|Win32
		Squall Release|x86 = Squall Release|x86
	EndGlobalSection
	GlobalSection(ProjectConfigurationPlatforms) = postSolution
		{A110B53D-FF13-4B46-BE40-DF3377753D29}.Debug|Any CPU.ActiveCfg = Debug|Win32
		{A110B53D-FF13-4B46-BE40-DF3377753D29}.Debug|Mixed Platforms.ActiveCfg = Debug|Win32
		{A110B53D-FF13-4B46-BE40-DF3377753D29}.Debug|Mixed Platforms.Build.0 = Debug|Win32
		{A110B53D-FF13-4B46-BE40-DF3377753D29}.Debug|Win32.ActiveCfg = Debug|Win32
		{A110B53D-FF13-4B46-BE40-DF3377753D29}.Debug|Win32.Build.0 = Debug|Win32
		{A110B53D-FF13-4B46-BE40-DF3377753D29}.Debug|x86.ActiveCfg = Debug|Win32
		{A110B53D-FF13-4B46-BE40-DF3377753D29}.MinSizeRel|Any CPU.ActiveCfg = Release|Win32
		{A110B53D-FF13-4B46-BE40-DF3377753D29}.MinSizeRel|Mixed Platforms.ActiveCfg = Release|Win32
		{A110B53D-FF13-4B46-BE40-DF3377753D29}.MinSizeRel|Mixed Platforms.Build.0 = Release|Win32
		{A110B53D-FF13-4B46-BE40-DF3377753D29}.MinSizeRel|Win32.ActiveCfg = Release|Win32
		{A110B53D-FF13-4B46-BE40-DF3377753D29}.MinSizeRel|Win32.Build.0 = Release|Win32
		{A110B53D-FF13-4B46-BE40-DF3377753D29}.MinSizeRel|x86.ActiveCfg = Release|Win32
		{A110B53D-FF13-4B46-BE40-DF3377753D29}.Release|Any CPU.ActiveCfg = Release|Win32
		{A110B53D-FF13-4B46-BE40-DF3377753D29}.Release|Mixed Platforms.ActiveCfg = Release|Win32
		{A110B53D-FF13-4B46-BE40-DF3377753D29}.Release|Mixed Platforms.Build.0 = Release|Win32
		{A110B53D-FF13-4B46-BE40-DF3377753D29}.Release|Win32.ActiveCfg = Release|Win32
		{A110B53D-FF13-4B46-BE40-DF3377753D29}.Release|Win32.Build.0 = Release|Win32
		{A110B53D-FF13-4B46-BE40-DF3377753D29}.Release|x86.ActiveCfg = Release|Win32
		{A110B53D-FF13-4B46-BE40-DF3377753D29}.RelWithDebInfo|Any CPU.ActiveCfg = Release|Win32
		{A110B53D-FF13-4B46-BE40-DF3377753D29}.RelWithDebInfo|Mixed Platforms.ActiveCfg = Release|Win32
		{A110B53D-FF13-4B46-BE40-DF3377753D29}.RelWithDebInfo|Mixed Platforms.Build.0 = Release|Win32
		{A110B53D-FF13-4B46-BE40-DF3377753D29}.RelWithDebInfo|Win32.ActiveCfg = Release|Win32
		{A110B53D-FF13-4B46-BE40-DF3377753D29}.RelWithDebInfo|Win32.Build.0 = Release|Win32
		{A110B53D-FF13-4B46-BE40-DF3377753D29}.RelWithDebInfo|x86.ActiveCfg = Release|Win32
		{A110B53D-FF13-4B46-BE40-DF3377753D29}.Squall Debug|Any CPU.ActiveCfg = Debug|Win32
		{A110B53D-FF13-4B46-BE40-DF3377753D29}.Squall Debug|Mixed Platforms.ActiveCfg = Debug|Win32
		{A110B53D-FF13-4B46-BE40-DF3377753D29}.Squall Debug|Mixed Platforms.Build.0 = Debug|Win32
		{A110B53D-FF13-4B46-BE40-DF3377753D29}.Squall Debug|Win32.ActiveCfg = Debug|Win32
		{A110B53D-FF13-4B46-BE40-DF3377753D29}.Squall Debug|Win32.Build.0 = Debug|Win32
		{A110B53D-FF13-4B46-BE40-DF3377753D29}.Squall Debug|x86.ActiveCfg = Debug|Win32
		{A110B53D-FF13-4B46-BE40-DF3377753D29}.Squall Release|Any CPU.ActiveCfg = Release|Win32
		{A110B53D-FF13-4B46-BE40-DF3377753D29}.Squall Release|Mixed Platforms.ActiveCfg = Release|Win32
		{A110B53D-FF13-4B46-BE40-DF3377753D29}.Squall Release|Mixed Platforms.Build.0 = Release|Win32
		{A110B53D-FF13-4B46-BE40-DF3377753D29}.Squall Release|Win32.ActiveCfg = Release|Win32
		{A110B53D-FF13-4B46-BE40-DF3377753D29}.Squall Release|Win32.Build.0 = Release|Win32
		{A110B53D-FF13-4B46-BE40-DF3377753D29}.Squall Release|x86.ActiveCfg = Release|Win32
		{335ADDE9-3CDA-4414-8379-46408E2D98BE}.Debug|Any CPU.ActiveCfg = Debug|Win32
		{335ADDE9-3CDA-4414-8379-46408E2D98BE}.Debug|Mixed Platforms.ActiveCfg = Debug|Win32
		{335ADDE9-3CDA-4414-8379-46408E2D98BE}.Debug|Mixed Platforms.Build.0 = Debug|Win32
		{335ADDE9-3CDA-4414-8379-46408E2D98BE}.Debug|Win32.ActiveCfg = Debug|Win32
		{335ADDE9-3CDA-4414-8379-46408E2D98BE}.Debug|Win32.Build.0 = Debug|Win32
		{335ADDE9-3CDA-4414-8379-46408E2D98BE}.Debug|x86.ActiveCfg = Debug|Win32
		{335ADDE9-3CDA-4414-8379-46408E2D98BE}.MinSizeRel|Any CPU.ActiveCfg = Release|Win32
		{335ADDE9-3CDA-4414-8379-46408E2D98BE}.MinSizeRel|Mixed Platforms.ActiveCfg = Release|Win32
		{335ADDE9-3CDA-4414-8379-46408E2D98BE}.MinSizeRel|Mixed Platforms.Build.0 = Release|Win32
		{335ADDE9-3CDA-4414-8379-46408E2D98BE}.MinSizeRel|Win32.ActiveCfg = Release|Win32
		{335ADDE9-3CDA-4414-8379-46408E2D98BE}.MinSizeRel|Win32.Build.0 = Release|Win32
		{335ADDE9-3CDA-4414-8379-46408E2D98BE}.MinSizeRel|x86.ActiveCfg = Release|Win32
		{335ADDE9-3CDA-4414-8379-46408E2D98BE}.Release|Any CPU.ActiveCfg = Release|Win32
		{335ADDE9-3CDA-4414-8379-46408E2D98BE}.Release|Mixed Platforms.ActiveCfg = Release|Win32
		{335ADDE9-3CDA-4414-8379-46408E2D98BE}.Release|Mixed Platforms.Build.0 = Release|Win32
		{335ADDE9-3CDA-4414-8379-46408E2D98BE}.Release|Win32.ActiveCfg = Release|Win32
		{335ADDE9-3CDA-4414-8379-46408E2D98BE}.Release|Win32.Build.0 = Release|Win32
		{335ADDE9-3CDA-4414-8379-46408E2D98BE}.Release|x86.ActiveCfg = Release|Win32
		{335ADDE9-3CDA-4414-8379-46408E2D98BE}.RelWithDebInfo|Any CPU.ActiveCfg = Release|Win32
		{335ADDE9-3CDA-4414-8379-46408E2D98BE}.RelWithDebInfo|Mixed Platforms.ActiveCfg = Release|Win32
		{335ADDE9-3CDA-4414-8379-46408E2D98BE}.RelWithDebInfo|Mixed Platforms.Build.0 = Release|Win32
		{335ADDE9-3CDA-4414-8379-46408E2D98BE}.RelWithDebInfo|Win32.ActiveCfg = Release|Win32
		{335ADDE9-3CDA-4414-8379-46408E2D98BE}.RelWithDebInfo|Win32.Build.0 = Release|Win32
		{335ADDE9-3CDA-4414-8379-46408E2D98BE}.RelWithDebInfo|x86.ActiveCfg = Release|Win32
		{335ADDE9-3CDA-4414-8379-46408E2D98BE}.Squall Debug|Any CPU.ActiveCfg = Debug|Win32
		{335ADDE9-3CDA-4414-8379-46408E2D98BE}.Squall Debug|Mixed Platforms.ActiveCfg = Debug|Win32
		{335ADDE9-3CDA-4414-8379-46408E2D98BE}.Squall Debug|Mixed Platforms.Build.0 = Debug|Win32
		{335ADDE9-3CDA-4414-8379-46408E2D98BE}.Squall Debug|Win32.ActiveCfg = Debug|Win32
		{335ADDE9-3CDA-4414-8379-46408E2D98BE}.Squall Debug|Win32.Build.0 = Debug|Win32
		{335ADDE9-3CDA-4414-8379-46408E2D98BE}.Squall Debug|x86.ActiveCfg = Debug|Win32
		{335ADDE9-3CDA-4414-8379-46408E2D98BE}.Squall Release|Any CPU.ActiveCfg = Release|Win32
		{335ADDE9-3CDA-4414-8379-46408E2D98BE}.Squall Release|Mixed Platforms.ActiveCfg = Release|Win32
		{335ADDE9-3CDA-4414-8379-46408E2D98BE}.Squall Release|Mixed Platforms.Build.0 = Release|Win32
		{335ADDE9-3CDA-4414-8379-46408E2D98BE}.Squall Release|Win32.ActiveCfg = Release|Win32
		{335ADDE9-3CDA-4414-8379-46408E2D98BE}.Squall Release|Win32.Build.0 = Release|Win32
		{335ADDE9-3CDA-4414-8379-46408E2D98BE}.Squall Release|x86.ActiveCfg = Release|Win32
	EndGlobalSection
	GlobalSection(SolutionProperties) = preSolution
		HideSolutionNode = FALSE
	EndGlobalSection
EndGlobal
