<?xml version="1.0" encoding="utf-8"?>
<Project ToolsVersion="4.0" xmlns="http://schemas.microsoft.com/developer/msbuild/2003">
  <ItemGroup>
    <Filter Include="Source Files">
      <UniqueIdentifier>{4FC737F1-C7A5-4376-A066-2A32D752A2FF}</UniqueIdentifier>
      <Extensions>cpp;c;cc;cxx;def;odl;idl;hpj;bat;asm;asmx</Extensions>
    </Filter>
    <Filter Include="Resource Files">
      <UniqueIdentifier>{67DA6AB6-F800-4c08-8B7A-83BB121AAD01}</UniqueIdentifier>
      <Extensions>rc;ico;cur;bmp;dlg;rc2;rct;bin;rgs;gif;jpg;jpeg;jpe;resx;tiff;tif;png;wav;mfcribbon-ms</Extensions>
    </Filter>
    <Filter Include="GUIChan">
      <UniqueIdentifier>{a664d52d-ae8c-4368-990c-2811acfbc9f0}</UniqueIdentifier>
    </Filter>
    <Filter Include="Graphics">
      <UniqueIdentifier>{06792539-7d76-47b2-adc1-e6feb51e04ba}</UniqueIdentifier>
    </Filter>
    <Filter Include="Behaviour">
      <UniqueIdentifier>{38e55d12-412e-4652-af4d-2a8ce5882ed5}</UniqueIdentifier>
    </Filter>
    <Filter Include="Loading">
      <UniqueIdentifier>{8091cdb5-0e35-47be-8686-66edfe7ef484}</UniqueIdentifier>
    </Filter>
    <Filter Include="System">
      <UniqueIdentifier>{932c450a-f66d-48da-82f6-99e82b9c7c14}</UniqueIdentifier>
    </Filter>
    <Filter Include="Action">
      <UniqueIdentifier>{a01ea63a-e344-4cef-83c5-7d9764c7c60c}</UniqueIdentifier>
    </Filter>
    <Filter Include="Quests">
      <UniqueIdentifier>{e958e960-2e7b-409c-a216-f7edd4dd0876}</UniqueIdentifier>
    </Filter>
    <Filter Include="Game">
      <UniqueIdentifier>{c1703a33-d638-466e-8143-79bbc37485d7}</UniqueIdentifier>
    </Filter>
    <Filter Include="Inventory">
      <UniqueIdentifier>{244e1285-30b3-461c-97bf-06af855a3ab6}</UniqueIdentifier>
    </Filter>
    <Filter Include="Conversations">
      <UniqueIdentifier>{5a03916d-8e10-4718-9852-f9f9e7c48a11}</UniqueIdentifier>
    </Filter>
    <Filter Include="Header Files">
      <UniqueIdentifier>{93995380-89BD-4b04-88EB-625FBE52EBFB}</UniqueIdentifier>
      <Extensions>h;hpp;hxx;hm;inl;inc;xsd</Extensions>
    </Filter>
  </ItemGroup>
  <ItemGroup>
    <None Include="ReadMe.txt" />
    <None Include="ClassDiagram1.cd" />
  </ItemGroup>
  <ItemGroup>
    <ClInclude Include="include\Camera.h">
      <Filter>Header Files</Filter>
    </ClInclude>
    <ClInclude Include="include\Collisions.h">
      <Filter>Header Files</Filter>
    </ClInclude>
    <ClInclude Include="include\Engine.h">
      <Filter>Header Files</Filter>
    </ClInclude>
    <ClInclude Include="include\Entity.h">
      <Filter>Header Files</Filter>
    </ClInclude>
    <ClInclude Include="include\Layer.h">
      <Filter>Header Files</Filter>
    </ClInclude>
    <ClInclude Include="include\Level.h">
      <Filter>Header Files</Filter>
    </ClInclude>
    <ClInclude Include="include\LogoState.h">
      <Filter>Header Files</Filter>
    </ClInclude>
    <ClInclude Include="include\State.h">
      <Filter>Header Files</Filter>
    </ClInclude>
    <ClInclude Include="include\StateManager.h">
      <Filter>Header Files</Filter>
    </ClInclude>
    <ClInclude Include="include\Isilme.h">
      <Filter>Header Files</Filter>
    </ClInclude>
    <ClInclude Include="include\Bodies.h">
      <Filter>Header Files</Filter>
    </ClInclude>
    <ClInclude Include="include\Renderer.h">
      <Filter>Header Files</Filter>
    </ClInclude>
    <ClInclude Include="include\InputSystem.h">
      <Filter>Header Files</Filter>
    </ClInclude>
    <ClInclude Include="include\Game.h">
      <Filter>Header Files</Filter>
    </ClInclude>
    <ClInclude Include="include\ResourceManager.h">
      <Filter>Header Files</Filter>
    </ClInclude>
    <ClInclude Include="include\SoundSystem.h">
      <Filter>Header Files</Filter>
    </ClInclude>
    <ClInclude Include="include\Joints.h">
      <Filter>Header Files</Filter>
    </ClInclude>
    <ClInclude Include="include\LevelLoaders.h">
      <Filter>Loading</Filter>
    </ClInclude>
    <ClInclude Include="include\Schemas.h">
      <Filter>Loading</Filter>
    </ClInclude>
    <ClInclude Include="include\FactoryManager.h">
      <Filter>Loading</Filter>
    </ClInclude>
    <ClInclude Include="include\Sensor.h">
      <Filter>Header Files</Filter>
    </ClInclude>
    <ClInclude Include="include\GraphicsFactory.h">
      <Filter>Loading</Filter>
    </ClInclude>
    <ClInclude Include="include\EntityDefinition.h">
      <Filter>Loading</Filter>
    </ClInclude>
    <ClInclude Include="Graphics\Sprite.h">
      <Filter>Graphics</Filter>
    </ClInclude>
    <ClInclude Include="Graphics\Animation.h">
      <Filter>Graphics</Filter>
    </ClInclude>
    <ClInclude Include="Graphics\TriggerGraphics.h">
      <Filter>Graphics</Filter>
    </ClInclude>
    <ClInclude Include="Graphics\Particles.h">
      <Filter>Graphics</Filter>
    </ClInclude>
    <ClInclude Include="Loading\GraphicsDefinition.h">
      <Filter>Loading</Filter>
    </ClInclude>
    <ClInclude Include="include\Graphics.h">
      <Filter>Graphics</Filter>
    </ClInclude>
    <ClInclude Include="include\Behaviour.h">
      <Filter>Behaviour</Filter>
    </ClInclude>
    <ClInclude Include="include\Trigger.h">
      <Filter>Behaviour</Filter>
    </ClInclude>
    <ClInclude Include="Graphics\SpecialGraphics.h">
      <Filter>Graphics</Filter>
    </ClInclude>
    <ClInclude Include="include\Action.h">
      <Filter>Action</Filter>
    </ClInclude>
    <ClInclude Include="Quest\QuestAPI.h">
      <Filter>Quests</Filter>
    </ClInclude>
    <ClInclude Include="Quest\Quests.h">
      <Filter>Quests</Filter>
    </ClInclude>
    <ClInclude Include="Quest\Story.h">
      <Filter>Quests</Filter>
    </ClInclude>
    <ClInclude Include="Graphics\StateGraphics.h">
      <Filter>Graphics</Filter>
    </ClInclude>
    <ClInclude Include="include\Definitions.h">
      <Filter>Header Files</Filter>
    </ClInclude>
    <ClInclude Include="GUI\ProgressBar.h">
      <Filter>GUIChan</Filter>
    </ClInclude>
    <ClInclude Include="GUI\HGELabel.h">
      <Filter>GUIChan</Filter>
    </ClInclude>
    <ClInclude Include="ScriptAPI.h">
      <Filter>Header Files</Filter>
    </ClInclude>
    <ClInclude Include="Quest\Quest.h">
      <Filter>Quests</Filter>
    </ClInclude>
    <ClInclude Include="System\ActionManager.h">
      <Filter>System</Filter>
    </ClInclude>
    <ClInclude Include="Quest\Stage.h">
      <Filter>Quests</Filter>
    </ClInclude>
    <ClInclude Include="GUI\QuestBook.h">
      <Filter>GUIChan</Filter>
    </ClInclude>
    <ClInclude Include="Inventory\Item.h">
      <Filter>Inventory</Filter>
    </ClInclude>
    <ClInclude Include="Inventory\Inventory.h">
      <Filter>Inventory</Filter>
    </ClInclude>
    <ClInclude Include="Inventory\ItemFactory.h">
      <Filter>Inventory</Filter>
    </ClInclude>
    <ClInclude Include="Inventory\ItemDef.h">
      <Filter>Inventory</Filter>
    </ClInclude>
  </ItemGroup>
  <ItemGroup>
    <ClCompile Include="source\Camera.cpp">
      <Filter>Source Files</Filter>
    </ClCompile>
    <ClCompile Include="source\Collisions.cpp">
      <Filter>Source Files</Filter>
    </ClCompile>
    <ClCompile Include="source\Engine.cpp">
      <Filter>Source Files</Filter>
    </ClCompile>
    <ClCompile Include="source\Entity.cpp">
      <Filter>Source Files</Filter>
    </ClCompile>
    <ClCompile Include="source\Level.cpp">
      <Filter>Source Files</Filter>
    </ClCompile>
    <ClCompile Include="source\State.cpp">
      <Filter>Source Files</Filter>
    </ClCompile>
    <ClCompile Include="source\StateManager.cpp">
      <Filter>Source Files</Filter>
    </ClCompile>
    <ClCompile Include="source\Layer.cpp">
      <Filter>Source Files</Filter>
    </ClCompile>
    <ClCompile Include="source\Isilme.cpp">
      <Filter>Source Files</Filter>
    </ClCompile>
    <ClCompile Include="source\Bodies.cpp">
      <Filter>Source Files</Filter>
    </ClCompile>
    <ClCompile Include="source\Renderer.cpp">
      <Filter>Source Files</Filter>
    </ClCompile>
    <ClCompile Include="source\InputSystem.cpp">
      <Filter>Source Files</Filter>
    </ClCompile>
    <ClCompile Include="source\Game.cpp">
      <Filter>Source Files</Filter>
    </ClCompile>
    <ClCompile Include="source\ResourceManager.cpp">
      <Filter>Source Files</Filter>
    </ClCompile>
    <ClCompile Include="source\SoundSystem.cpp">
      <Filter>Source Files</Filter>
    </ClCompile>
    <ClCompile Include="source\Joints.cpp">
      <Filter>Source Files</Filter>
    </ClCompile>
    <ClCompile Include="source\Sensor.cpp">
      <Filter>Source Files</Filter>
    </ClCompile>
    <ClCompile Include="Graphics\Sprite.cpp">
      <Filter>Graphics</Filter>
    </ClCompile>
    <ClCompile Include="Graphics\Animation.cpp">
      <Filter>Graphics</Filter>
    </ClCompile>
    <ClCompile Include="Graphics\TriggerGraphics.cpp">
      <Filter>Graphics</Filter>
    </ClCompile>
    <ClCompile Include="Graphics\Particles.cpp">
      <Filter>Graphics</Filter>
    </ClCompile>
    <ClCompile Include="source\Behaviour.cpp">
      <Filter>Behaviour</Filter>
    </ClCompile>
    <ClCompile Include="source\Trigger.cpp">
      <Filter>Behaviour</Filter>
    </ClCompile>
    <ClCompile Include="source\EntityDefinition.cpp">
      <Filter>Loading</Filter>
    </ClCompile>
    <ClCompile Include="source\FactoryManager.cpp">
      <Filter>Loading</Filter>
    </ClCompile>
    <ClCompile Include="source\GraphicsFactory.cpp">
      <Filter>Loading</Filter>
    </ClCompile>
    <ClCompile Include="source\LevelLoaders.cpp">
      <Filter>Loading</Filter>
    </ClCompile>
    <ClCompile Include="source\Schemas.cpp">
      <Filter>Loading</Filter>
    </ClCompile>
    <ClCompile Include="source\Action.cpp">
      <Filter>Action</Filter>
    </ClCompile>
    <ClCompile Include="Quest\Story.cpp">
      <Filter>Quests</Filter>
    </ClCompile>
    <ClCompile Include="Quest\QuestAPI.cpp">
      <Filter>Quests</Filter>
    </ClCompile>
    <ClCompile Include="Quest\Quests.cpp">
      <Filter>Quests</Filter>
    </ClCompile>
    <ClCompile Include="ScriptAPI.cpp">
      <Filter>Source Files</Filter>
    </ClCompile>
    <ClCompile Include="Quest\Quest.cpp">
      <Filter>Quests</Filter>
    </ClCompile>
    <ClCompile Include="System\ActionManager.cpp">
      <Filter>System</Filter>
    </ClCompile>
    <ClCompile Include="source\Graphics.cpp">
      <Filter>Graphics</Filter>
    </ClCompile>
    <ClCompile Include="Quest\Stage.cpp">
      <Filter>Quests</Filter>
    </ClCompile>
    <ClCompile Include="GUI\QuestBook.cpp">
      <Filter>GUIChan</Filter>
    </ClCompile>
    <ClCompile Include="Inventory\Item.cpp">
      <Filter>Inventory</Filter>
    </ClCompile>
    <ClCompile Include="Inventory\Inventory.cpp">
      <Filter>Inventory</Filter>
    </ClCompile>
    <ClCompile Include="Inventory\ItemFactory.cpp">
      <Filter>Inventory</Filter>
    </ClCompile>
    <ClCompile Include="Inventory\ItemDef.cpp">
      <Filter>Inventory</Filter>
    </ClCompile>
  </ItemGroup>
</Project>