<?xml version="1.0" encoding="utf-8"?>
<Project ToolsVersion="4.0" xmlns="http://schemas.microsoft.com/developer/msbuild/2003">
  <ItemGroup>
    <Filter Include="GUIChan">
      <UniqueIdentifier>{a664d52d-ae8c-4368-990c-2811acfbc9f0}</UniqueIdentifier>
    </Filter>
    <Filter Include="Graphics">
      <UniqueIdentifier>{06792539-7d76-47b2-adc1-e6feb51e04ba}</UniqueIdentifier>
    </Filter>
    <Filter Include="Behaviour">
      <UniqueIdentifier>{38e55d12-412e-4652-af4d-2a8ce5882ed5}</UniqueIdentifier>
    </Filter>
    <Filter Include="Loading">
      <UniqueIdentifier>{8091cdb5-0e35-47be-8686-66edfe7ef484}</UniqueIdentifier>
    </Filter>
    <Filter Include="Inventory">
      <UniqueIdentifier>{244e1285-30b3-461c-97bf-06af855a3ab6}</UniqueIdentifier>
    </Filter>
    <Filter Include="Editor">
      <UniqueIdentifier>{a1d12196-be5a-46df-ad77-a95dad46a5f7}</UniqueIdentifier>
    </Filter>
    <Filter Include="Story">
      <UniqueIdentifier>{e958e960-2e7b-409c-a216-f7edd4dd0876}</UniqueIdentifier>
    </Filter>
    <Filter Include="Core">
      <UniqueIdentifier>{c5127496-ae56-4451-956c-289e9c5e1369}</UniqueIdentifier>
    </Filter>
    <Filter Include="Query">
      <UniqueIdentifier>{24bae409-4c54-4273-9694-a42be3253503}</UniqueIdentifier>
    </Filter>
    <Filter Include="AI">
      <UniqueIdentifier>{865f155f-e7fa-4d2c-8f31-ee381241d9e2}</UniqueIdentifier>
    </Filter>
    <Filter Include="Core\Wrappers">
      <UniqueIdentifier>{f4616126-12e5-442f-b5b1-468c8144cd8e}</UniqueIdentifier>
    </Filter>
    <Filter Include="Core\Palette">
      <UniqueIdentifier>{9d0b35fe-e8a4-41dd-9b6a-88bf246f82bc}</UniqueIdentifier>
    </Filter>
    <Filter Include="Core\Serialisation">
      <UniqueIdentifier>{799d08cc-13be-4432-9067-c6b889c3d783}</UniqueIdentifier>
    </Filter>
  </ItemGroup>
  <ItemGroup>
    <None Include="ReadMe.txt" />
  </ItemGroup>
  <ItemGroup>
    <ClInclude Include="Graphics\Sprite.h">
      <Filter>Graphics</Filter>
    </ClInclude>
    <ClInclude Include="Graphics\Animation.h">
      <Filter>Graphics</Filter>
    </ClInclude>
    <ClInclude Include="Graphics\TriggerGraphics.h">
      <Filter>Graphics</Filter>
    </ClInclude>
    <ClInclude Include="Graphics\Particles.h">
      <Filter>Graphics</Filter>
    </ClInclude>
    <ClInclude Include="include\Trigger.h">
      <Filter>Behaviour</Filter>
    </ClInclude>
    <ClInclude Include="Graphics\SpecialGraphics.h">
      <Filter>Graphics</Filter>
    </ClInclude>
    <ClInclude Include="Quest\QuestAPI.h">
      <Filter>Story</Filter>
    </ClInclude>
    <ClInclude Include="Quest\Quests.h">
      <Filter>Story</Filter>
    </ClInclude>
    <ClInclude Include="Quest\Story.h">
      <Filter>Story</Filter>
    </ClInclude>
    <ClInclude Include="Graphics\StateGraphics.h">
      <Filter>Graphics</Filter>
    </ClInclude>
    <ClInclude Include="GUI\ProgressBar.h">
      <Filter>GUIChan</Filter>
    </ClInclude>
    <ClInclude Include="GUI\HGELabel.h">
      <Filter>GUIChan</Filter>
    </ClInclude>
    <ClInclude Include="Quest\Quest.h">
      <Filter>Story</Filter>
    </ClInclude>
    <ClInclude Include="Quest\Stage.h">
      <Filter>Story</Filter>
    </ClInclude>
    <ClInclude Include="GUI\QuestBook.h">
      <Filter>GUIChan</Filter>
    </ClInclude>
    <ClInclude Include="Inventory\Item.h">
      <Filter>Inventory</Filter>
    </ClInclude>
    <ClInclude Include="Inventory\Inventory.h">
      <Filter>Inventory</Filter>
    </ClInclude>
    <ClInclude Include="Inventory\ItemFactory.h">
      <Filter>Inventory</Filter>
    </ClInclude>
    <ClInclude Include="Inventory\ItemDef.h">
      <Filter>Inventory</Filter>
    </ClInclude>
    <ClInclude Include="Editor\AddEntityCommand.h">
      <Filter>Editor</Filter>
    </ClInclude>
    <ClInclude Include="Editor\AddLayerCommand.h">
      <Filter>Editor</Filter>
    </ClInclude>
    <ClInclude Include="Editor\Command.h">
      <Filter>Editor</Filter>
    </ClInclude>
    <ClInclude Include="Editor\CommandManager.h">
      <Filter>Editor</Filter>
    </ClInclude>
    <ClInclude Include="Editor\DelEntityCommand.h">
      <Filter>Editor</Filter>
    </ClInclude>
    <ClInclude Include="Editor\DelLayerCommand.h">
      <Filter>Editor</Filter>
    </ClInclude>
    <ClInclude Include="Editor\EditorDefinitions.h">
      <Filter>Editor</Filter>
    </ClInclude>
    <ClInclude Include="Editor\EntityBrushTool.h">
      <Filter>Editor</Filter>
    </ClInclude>
    <ClInclude Include="Editor\Tool.h">
      <Filter>Editor</Filter>
    </ClInclude>
    <ClInclude Include="Editor\SelectorTool.h">
      <Filter>Editor</Filter>
    </ClInclude>
    <ClInclude Include="Quest\Conversation.h">
      <Filter>Story</Filter>
    </ClInclude>
    <ClInclude Include="GUI\ConversationWindow.h">
      <Filter>GUIChan</Filter>
    </ClInclude>
    <ClInclude Include="Quest\Phrase.h">
      <Filter>Story</Filter>
    </ClInclude>
    <ClInclude Include="GUI\InventoryWindow.h">
      <Filter>GUIChan</Filter>
    </ClInclude>
    <ClInclude Include="GUI\ModalDialog.h">
      <Filter>GUIChan</Filter>
    </ClInclude>
    <ClInclude Include="include\Action.h">
      <Filter>Core</Filter>
    </ClInclude>
    <ClInclude Include="include\AIPackage.h">
      <Filter>Core</Filter>
    </ClInclude>
    <ClInclude Include="include\Camera.h">
      <Filter>Core</Filter>
    </ClInclude>
    <ClInclude Include="include\Entity.h">
      <Filter>Core</Filter>
    </ClInclude>
    <ClInclude Include="include\Layer.h">
      <Filter>Core</Filter>
    </ClInclude>
    <ClInclude Include="include\Level.h">
      <Filter>Core</Filter>
    </ClInclude>
    <ClInclude Include="include\Query.h">
      <Filter>Core</Filter>
    </ClInclude>
    <ClInclude Include="include\AIPackageFactory.h">
      <Filter>Core</Filter>
    </ClInclude>
    <ClInclude Include="include\StateManager.h">
      <Filter>Core</Filter>
    </ClInclude>
    <ClInclude Include="include\Bodies.h">
      <Filter>Core</Filter>
    </ClInclude>
    <ClInclude Include="include\Collisions.h">
      <Filter>Core</Filter>
    </ClInclude>
    <ClInclude Include="include\Engine.h">
      <Filter>Core</Filter>
    </ClInclude>
    <ClInclude Include="include\Fraction.h">
      <Filter>Core</Filter>
    </ClInclude>
    <ClInclude Include="include\Game.h">
      <Filter>Core</Filter>
    </ClInclude>
    <ClInclude Include="include\InputSystem.h">
      <Filter>Core</Filter>
    </ClInclude>
    <ClInclude Include="include\Joints.h">
      <Filter>Core</Filter>
    </ClInclude>
    <ClInclude Include="include\Rank.h">
      <Filter>Core</Filter>
    </ClInclude>
    <ClInclude Include="include\Renderer.h">
      <Filter>Core</Filter>
    </ClInclude>
    <ClInclude Include="include\ResourceManager.h">
      <Filter>Core</Filter>
    </ClInclude>
    <ClInclude Include="ScriptAPI.h">
      <Filter>Core</Filter>
    </ClInclude>
    <ClInclude Include="include\SoundSystem.h">
      <Filter>Core</Filter>
    </ClInclude>
    <ClInclude Include="include\State.h">
      <Filter>Core</Filter>
    </ClInclude>
    <ClInclude Include="include\GraphicsFactory.h">
      <Filter>Core</Filter>
    </ClInclude>
    <ClInclude Include="include\EntityDefinition.h">
      <Filter>Core</Filter>
    </ClInclude>
    <ClInclude Include="include\FactoryManager.h">
      <Filter>Core</Filter>
    </ClInclude>
    <ClInclude Include="Loading\GraphicsDefinition.h">
      <Filter>Core</Filter>
    </ClInclude>
    <ClInclude Include="Config.h" />
    <ClInclude Include="include\LogoState.h" />
    <ClInclude Include="include\Debug.h" />
    <ClInclude Include="include\Definitions.h" />
    <ClInclude Include="include\Isilme.h" />
    <ClInclude Include="include\Log.h" />
    <ClInclude Include="IsilmePCH.h" />
    <ClInclude Include="Core\Serialisation\StaticLevelSerialiser.h">
      <Filter>Core\Serialisation</Filter>
    </ClInclude>
    <ClInclude Include="AI\Attribute.h">
      <Filter>AI</Filter>
    </ClInclude>
    <ClInclude Include="AI\AttributeDef.h">
      <Filter>AI</Filter>
    </ClInclude>
    <ClInclude Include="Core\Serialisation\DynamicLevelSerialiser.h">
      <Filter>Core\Serialisation</Filter>
    </ClInclude>
    <ClInclude Include="Core\Serialisation\LevelSerialiser.h">
      <Filter>Core\Serialisation</Filter>
    </ClInclude>
    <ClInclude Include="Core\Serialisation\SaveManager.h">
      <Filter>Core\Serialisation</Filter>
    </ClInclude>
    <ClInclude Include="Core\Serialisation\SaveData.h">
      <Filter>Core\Serialisation</Filter>
    </ClInclude>
    <ClInclude Include="Core\Serialisation\StorySerialiser.h">
      <Filter>Core\Serialisation</Filter>
    </ClInclude>
    <ClInclude Include="Core\Serialisation\StoryLoader.h">
      <Filter>Core\Serialisation</Filter>
    </ClInclude>
    <ClInclude Include="Core\Serialisation\ConversationSerialiser.h">
      <Filter>Core\Serialisation</Filter>
    </ClInclude>
    <ClInclude Include="Core\Serialisation\ConversationLoader.h">
      <Filter>Core\Serialisation</Filter>
    </ClInclude>
    <ClInclude Include="AI\ScriptAIPackage.h">
      <Filter>AI</Filter>
    </ClInclude>
    <ClInclude Include="include\Graphics.h">
      <Filter>Core</Filter>
    </ClInclude>
    <ClInclude Include="Graphics\Line.h">
      <Filter>Graphics</Filter>
    </ClInclude>
    <ClInclude Include="Core\Wrappers\ActionWrapper.h">
      <Filter>Core\Wrappers</Filter>
    </ClInclude>
    <ClInclude Include="Core\Wrappers\StateWrapper.h">
      <Filter>Core\Wrappers</Filter>
    </ClInclude>
    <ClInclude Include="include\Behaviour.h">
      <Filter>Core</Filter>
    </ClInclude>
    <ClInclude Include="Core\Wrappers\BehaviourWrapper.h">
      <Filter>Core\Wrappers</Filter>
    </ClInclude>
    <ClInclude Include="Core\Wrappers\AIPackageWrapper.h">
      <Filter>Core\Wrappers</Filter>
    </ClInclude>
    <ClInclude Include="Core\Wrappers\CameraWrapper.h">
      <Filter>Core\Wrappers</Filter>
    </ClInclude>
    <ClInclude Include="Core\AIPackageDef.h">
      <Filter>Core</Filter>
    </ClInclude>
    <ClInclude Include="AI\ScriptAIPackageDef.h">
      <Filter>AI</Filter>
    </ClInclude>
    <ClInclude Include="Core\Palette\EntityPalette.h">
      <Filter>Core\Palette</Filter>
    </ClInclude>
    <ClInclude Include="Core\Palette\AIPalette.h">
      <Filter>Core\Palette</Filter>
    </ClInclude>
    <ClInclude Include="Core\Palette\Palette.h">
      <Filter>Core\Palette</Filter>
    </ClInclude>
    <ClInclude Include="AI\Message.h">
      <Filter>AI</Filter>
    </ClInclude>
    <ClInclude Include="AI\MessageData.h">
      <Filter>AI</Filter>
    </ClInclude>
  </ItemGroup>
  <ItemGroup>
    <ClCompile Include="Graphics\Sprite.cpp">
      <Filter>Graphics</Filter>
    </ClCompile>
    <ClCompile Include="Graphics\Animation.cpp">
      <Filter>Graphics</Filter>
    </ClCompile>
    <ClCompile Include="Graphics\TriggerGraphics.cpp">
      <Filter>Graphics</Filter>
    </ClCompile>
    <ClCompile Include="Graphics\Particles.cpp">
      <Filter>Graphics</Filter>
    </ClCompile>
    <ClCompile Include="source\Trigger.cpp">
      <Filter>Behaviour</Filter>
    </ClCompile>
    <ClCompile Include="Quest\Story.cpp">
      <Filter>Story</Filter>
    </ClCompile>
    <ClCompile Include="Quest\QuestAPI.cpp">
      <Filter>Story</Filter>
    </ClCompile>
    <ClCompile Include="Quest\Quests.cpp">
      <Filter>Story</Filter>
    </ClCompile>
    <ClCompile Include="Quest\Quest.cpp">
      <Filter>Story</Filter>
    </ClCompile>
    <ClCompile Include="Quest\Stage.cpp">
      <Filter>Story</Filter>
    </ClCompile>
    <ClCompile Include="GUI\QuestBook.cpp">
      <Filter>GUIChan</Filter>
    </ClCompile>
    <ClCompile Include="Inventory\Item.cpp">
      <Filter>Inventory</Filter>
    </ClCompile>
    <ClCompile Include="Inventory\Inventory.cpp">
      <Filter>Inventory</Filter>
    </ClCompile>
    <ClCompile Include="Inventory\ItemFactory.cpp">
      <Filter>Inventory</Filter>
    </ClCompile>
    <ClCompile Include="Inventory\ItemDef.cpp">
      <Filter>Inventory</Filter>
    </ClCompile>
    <ClCompile Include="Editor\CommandManager.cpp">
      <Filter>Editor</Filter>
    </ClCompile>
    <ClCompile Include="Editor\EntityBrushTool.cpp">
      <Filter>Editor</Filter>
    </ClCompile>
    <ClCompile Include="Editor\Tool.cpp">
      <Filter>Editor</Filter>
    </ClCompile>
    <ClCompile Include="Editor\SelectorTool.cpp">
      <Filter>Editor</Filter>
    </ClCompile>
    <ClCompile Include="Editor\AddEntityCommand.cpp">
      <Filter>Editor</Filter>
    </ClCompile>
    <ClCompile Include="GUI\ConversationWindow.cpp">
      <Filter>GUIChan</Filter>
    </ClCompile>
    <ClCompile Include="Quest\Phrase.cpp">
      <Filter>Story</Filter>
    </ClCompile>
    <ClCompile Include="Quest\Conversation.cpp">
      <Filter>Story</Filter>
    </ClCompile>
    <ClCompile Include="GUI\InventoryWindow.cpp">
      <Filter>GUIChan</Filter>
    </ClCompile>
    <ClCompile Include="GUI\ModalDialog.cpp">
      <Filter>GUIChan</Filter>
    </ClCompile>
    <ClCompile Include="Editor\AddLayerCommand.cpp">
      <Filter>Editor</Filter>
    </ClCompile>
    <ClCompile Include="Editor\DelEntityCommand.cpp">
      <Filter>Editor</Filter>
    </ClCompile>
    <ClCompile Include="Editor\DelLayerCommand.cpp">
      <Filter>Editor</Filter>
    </ClCompile>
    <ClCompile Include="source\Action.cpp">
      <Filter>Core</Filter>
    </ClCompile>
    <ClCompile Include="AIPackage.cpp">
      <Filter>Core</Filter>
    </ClCompile>
    <ClCompile Include="source\Camera.cpp">
      <Filter>Core</Filter>
    </ClCompile>
    <ClCompile Include="source\Entity.cpp">
      <Filter>Core</Filter>
    </ClCompile>
    <ClCompile Include="source\Layer.cpp">
      <Filter>Core</Filter>
    </ClCompile>
    <ClCompile Include="source\Level.cpp">
      <Filter>Core</Filter>
    </ClCompile>
    <ClCompile Include="Query.cpp">
      <Filter>Core</Filter>
    </ClCompile>
    <ClCompile Include="source\StateManager.cpp">
      <Filter>Core</Filter>
    </ClCompile>
    <ClCompile Include="source\Bodies.cpp">
      <Filter>Core</Filter>
    </ClCompile>
    <ClCompile Include="source\Collisions.cpp">
      <Filter>Core</Filter>
    </ClCompile>
    <ClCompile Include="source\Engine.cpp">
      <Filter>Core</Filter>
    </ClCompile>
    <ClCompile Include="source\Fraction.cpp">
      <Filter>Core</Filter>
    </ClCompile>
    <ClCompile Include="source\Game.cpp">
      <Filter>Core</Filter>
    </ClCompile>
    <ClCompile Include="source\InputSystem.cpp">
      <Filter>Core</Filter>
    </ClCompile>
    <ClCompile Include="source\Joints.cpp">
      <Filter>Core</Filter>
    </ClCompile>
    <ClCompile Include="source\Rank.cpp">
      <Filter>Core</Filter>
    </ClCompile>
    <ClCompile Include="source\Renderer.cpp">
      <Filter>Core</Filter>
    </ClCompile>
    <ClCompile Include="source\ResourceManager.cpp">
      <Filter>Core</Filter>
    </ClCompile>
    <ClCompile Include="ScriptAPI.cpp">
      <Filter>Core</Filter>
    </ClCompile>
    <ClCompile Include="source\SoundSystem.cpp">
      <Filter>Core</Filter>
    </ClCompile>
    <ClCompile Include="source\State.cpp">
      <Filter>Core</Filter>
    </ClCompile>
    <ClCompile Include="source\EntityDefinition.cpp">
      <Filter>Core</Filter>
    </ClCompile>
    <ClCompile Include="source\FactoryManager.cpp">
      <Filter>Core</Filter>
    </ClCompile>
    <ClCompile Include="source\GraphicsFactory.cpp">
      <Filter>Core</Filter>
    </ClCompile>
    <ClCompile Include="source\Isilme.cpp" />
    <ClCompile Include="Core\Serialisation\StaticLevelSerialiser.cpp">
      <Filter>Core\Serialisation</Filter>
    </ClCompile>
    <ClCompile Include="AI\Attribute.cpp">
      <Filter>AI</Filter>
    </ClCompile>
    <ClCompile Include="AI\AttributeDef.cpp">
      <Filter>AI</Filter>
    </ClCompile>
    <ClCompile Include="Core\Serialisation\DynamicLevelSerialiser.cpp">
      <Filter>Core\Serialisation</Filter>
    </ClCompile>
    <ClCompile Include="Core\Serialisation\SaveData.cpp">
      <Filter>Core\Serialisation</Filter>
    </ClCompile>
    <ClCompile Include="Core\Serialisation\SaveManager.cpp">
      <Filter>Core\Serialisation</Filter>
    </ClCompile>
    <ClCompile Include="Core\Serialisation\StoryLoader.cpp">
      <Filter>Core\Serialisation</Filter>
    </ClCompile>
    <ClCompile Include="Core\Serialisation\ConversationSerialiser.cpp">
      <Filter>Core\Serialisation</Filter>
    </ClCompile>
    <ClCompile Include="Core\Serialisation\ConversationLoader.cpp">
      <Filter>Core\Serialisation</Filter>
    </ClCompile>
    <ClCompile Include="source\Graphics.cpp">
      <Filter>Core</Filter>
    </ClCompile>
    <ClCompile Include="Graphics\Line.cpp">
      <Filter>Graphics</Filter>
    </ClCompile>
    <ClCompile Include="Core\Wrappers\ActionWrapper.cpp">
      <Filter>Core\Wrappers</Filter>
    </ClCompile>
    <ClCompile Include="Core\Wrappers\StateWrapper.cpp">
      <Filter>Core\Wrappers</Filter>
    </ClCompile>
    <ClCompile Include="source\Behaviour.cpp">
      <Filter>Core</Filter>
    </ClCompile>
    <ClCompile Include="Core\Wrappers\BehaviourWrapper.cpp">
      <Filter>Core\Wrappers</Filter>
    </ClCompile>
    <ClCompile Include="Core\Wrappers\AIPackageWrapper.cpp">
      <Filter>Core\Wrappers</Filter>
    </ClCompile>
    <ClCompile Include="Core\Wrappers\CameraWrapper.cpp">
      <Filter>Core\Wrappers</Filter>
    </ClCompile>
    <ClCompile Include="AI\ScriptAIPackageDef.cpp">
      <Filter>AI</Filter>
    </ClCompile>
    <ClCompile Include="Core\Palette\EntityPalette.cpp">
      <Filter>Core\Palette</Filter>
    </ClCompile>
    <ClCompile Include="Core\Palette\AIPalette.cpp">
      <Filter>Core\Palette</Filter>
    </ClCompile>
    <ClCompile Include="Core\AIPackageDef.cpp">
      <Filter>Core</Filter>
    </ClCompile>
    <ClCompile Include="AI\Message.cpp">
      <Filter>AI</Filter>
    </ClCompile>
    <ClCompile Include="AI\MessageData.cpp">
      <Filter>AI</Filter>
    </ClCompile>
  </ItemGroup>
</Project>