
Microsoft Visual Studio Solution File, Format Version 11.00
# Visual Studio 2010
Project("{FAE04EC0-301F-11D3-BF4B-00C04F79EFBC}") = "MyApplication1", "MyApplication1.csproj", "{CF389E21-93F1-43E6-AFD5-4B851442585B}"
EndProject
Global
	GlobalSection(SolutionConfigurationPlatforms) = preSolution
		Debug|x86 = Debug|x86
		Release|x86 = Release|x86
	EndGlobalSection
	GlobalSection(ProjectConfigurationPlatforms) = postSolution
		{CF389E21-93F1-43E6-AFD5-4B851442585B}.Debug|x86.ActiveCfg = Debug|x86
		{CF389E21-93F1-43E6-AFD5-4B851442585B}.Debug|x86.Build.0 = Debug|x86
		{CF389E21-93F1-43E6-AFD5-4B851442585B}.Release|x86.ActiveCfg = Release|x86
		{CF389E21-93F1-43E6-AFD5-4B851442585B}.Release|x86.Build.0 = Release|x86
	EndGlobalSection
	GlobalSection(SolutionProperties) = preSolution
		HideSolutionNode = FALSE
	EndGlobalSection
EndGlobal
