<?xml version="1.0" encoding="utf-8"?>
<Project ToolsVersion="4.0" xmlns="http://schemas.microsoft.com/developer/msbuild/2003">
  <ItemGroup>
    <ClCompile Include="AssemblyInfo.cpp" />
    <ClCompile Include="HGEProxyGame.cpp" />
    <ClCompile Include="IsilmeControl.cpp" />
    <ClCompile Include="IsilmeProxy.cpp" />
    <ClCompile Include="Stdafx.cpp" />
    <ClCompile Include="Proxy\EntityProxy.cpp">
      <Filter>Proxy</Filter>
    </ClCompile>
    <ClCompile Include="Proxy\LayerProxy.cpp">
      <Filter>Proxy</Filter>
    </ClCompile>
    <ClCompile Include="Tool\EntityBrush.cpp">
      <Filter>Tool</Filter>
    </ClCompile>
    <ClCompile Include="Tool\SelectorTool.cpp">
      <Filter>Tool</Filter>
    </ClCompile>
    <ClCompile Include="Tool\Tool.cpp">
      <Filter>Tool</Filter>
    </ClCompile>
    <ClCompile Include="View\LevelEditorToolbar.cpp">
      <Filter>View</Filter>
    </ClCompile>
    <ClCompile Include="View\LevelEditorWindow.cpp">
      <Filter>View</Filter>
    </ClCompile>
    <ClCompile Include="View\ObjectManager.cpp">
      <Filter>View</Filter>
    </ClCompile>
    <ClCompile Include="Proxy\LevelProxy.cpp">
      <Filter>Proxy</Filter>
    </ClCompile>
    <ClCompile Include="Commands\AddEntity.cpp" />
    <ClCompile Include="Commands\AddLayer.cpp" />
    <ClCompile Include="Commands\NativeCommand.cpp" />
    <ClCompile Include="Commands\RemoveEntity.cpp" />
    <ClCompile Include="View\EntityPaletteTool.cpp">
      <Filter>View</Filter>
    </ClCompile>
    <ClCompile Include="Proxy\EntityPaletteProxy.cpp">
      <Filter>Proxy</Filter>
    </ClCompile>
    <ClCompile Include="Proxy\FolderProxy.cpp">
      <Filter>Proxy</Filter>
    </ClCompile>
    <ClCompile Include="Tool\ScrollerTool.cpp">
      <Filter>Tool</Filter>
    </ClCompile>
    <ClCompile Include="Commands\MoveEntity.cpp">
      <Filter>Commands</Filter>
    </ClCompile>
    <ClCompile Include="Commands\RotateEntity.cpp">
      <Filter>Commands</Filter>
    </ClCompile>
  </ItemGroup>
  <ItemGroup>
    <ClInclude Include="HGEProxyGame.h" />
    <ClInclude Include="IsilmeControl.h" />
    <ClInclude Include="IsilmeProxy.h" />
    <ClInclude Include="resource.h" />
    <ClInclude Include="Stdafx.h" />
    <ClInclude Include="SharedCLIPtr.h" />
    <ClInclude Include="Proxy\EntityProxy.h">
      <Filter>Proxy</Filter>
    </ClInclude>
    <ClInclude Include="Proxy\LayerProxy.h">
      <Filter>Proxy</Filter>
    </ClInclude>
    <ClInclude Include="Tool\EntityBrush.h">
      <Filter>Tool</Filter>
    </ClInclude>
    <ClInclude Include="Tool\ITool.h">
      <Filter>Tool</Filter>
    </ClInclude>
    <ClInclude Include="Tool\SelectorTool.h">
      <Filter>Tool</Filter>
    </ClInclude>
    <ClInclude Include="Tool\Tool.h">
      <Filter>Tool</Filter>
    </ClInclude>
    <ClInclude Include="View\LevelEditorToolbar.h">
      <Filter>View</Filter>
    </ClInclude>
    <ClInclude Include="View\LevelEditorWindow.h">
      <Filter>View</Filter>
    </ClInclude>
    <ClInclude Include="Tool\MouseData.h">
      <Filter>Tool</Filter>
    </ClInclude>
    <ClInclude Include="View\ObjectManager.h">
      <Filter>View</Filter>
    </ClInclude>
    <ClInclude Include="Proxy\LevelProxy.h">
      <Filter>Proxy</Filter>
    </ClInclude>
    <ClInclude Include="Commands\AddLayer.h" />
    <ClInclude Include="Commands\AddEntity.h" />
    <ClInclude Include="Commands\NativeCommand.h" />
    <ClInclude Include="Commands\RemoveEntity.h" />
    <ClInclude Include="View\EntityPalette.h" />
    <ClInclude Include="View\EntityPaletteTool.h" />
    <ClInclude Include="Proxy\EntityPaletteProxy.h">
      <Filter>Proxy</Filter>
    </ClInclude>
    <ClInclude Include="Proxy\FolderProxy.h">
      <Filter>Proxy</Filter>
    </ClInclude>
    <ClInclude Include="Tool\ScrollerTool.h">
      <Filter>Tool</Filter>
    </ClInclude>
    <ClInclude Include="Commands\MoveEntity.h">
      <Filter>Commands</Filter>
    </ClInclude>
    <ClInclude Include="Commands\RotateEntity.h">
      <Filter>Commands</Filter>
    </ClInclude>
  </ItemGroup>
  <ItemGroup>
    <ResourceCompile Include="app.rc" />
  </ItemGroup>
  <ItemGroup>
    <None Include="app.ico" />
    <None Include="ReadMe.txt" />
  </ItemGroup>
  <ItemGroup>
    <Filter Include="Proxy">
      <UniqueIdentifier>{c285a808-6295-45bc-b3d9-32fc9d495fe7}</UniqueIdentifier>
    </Filter>
    <Filter Include="Commands">
      <UniqueIdentifier>{d1101306-4de9-4341-b931-64676b351601}</UniqueIdentifier>
    </Filter>
    <Filter Include="Tool">
      <UniqueIdentifier>{957a2b91-b718-4db9-a680-9725d06171df}</UniqueIdentifier>
    </Filter>
    <Filter Include="View">
      <UniqueIdentifier>{3358363c-7534-45a8-b8e4-51ab8cda89be}</UniqueIdentifier>
    </Filter>
  </ItemGroup>
</Project>