
Microsoft Visual Studio Solution File, Format Version 11.00
# Visual Studio 2010
Project("{FAE04EC0-301F-11D3-BF4B-00C04F79EFBC}") = "Common", "Common\Common.csproj", "{5592A221-47A5-4489-9E70-081F66F2AD7D}"
EndProject
Project("{FAE04EC0-301F-11D3-BF4B-00C04F79EFBC}") = "IDE", "IDE\IDE.csproj", "{276A14FB-F472-44EA-9212-C1B52A9B9827}"
EndProject
Project("{FAE04EC0-301F-11D3-BF4B-00C04F79EFBC}") = "AvalonDock", "AvalonDock\AvalonDock.csproj", "{87E61430-4243-45F2-B74E-0A4C096CEBF3}"
EndProject
Project("{FAE04EC0-301F-11D3-BF4B-00C04F79EFBC}") = "QuestEditor", "QuestEditor\QuestEditor.csproj", "{4B1BD7BB-01FF-45D7-863E-A97CC106B1CE}"
EndProject
Project("{FAE04EC0-301F-11D3-BF4B-00C04F79EFBC}") = "LuaEditor", "LuaEditor\LuaEditor.csproj", "{C1A65C3D-CEEF-4F10-BEC3-AB182E7E45E3}"
EndProject
Project("{FAE04EC0-301F-11D3-BF4B-00C04F79EFBC}") = "ICSharpCode.AvalonEdit", "ICSharpCode.AvalonEdit\ICSharpCode.AvalonEdit.csproj", "{6C55B776-26D4-4DB3-A6AB-87E783B2F3D1}"
EndProject
Project("{8BC9CEB8-8B4A-11D0-8D11-00A0C91BC942}") = "LevelEditor", "LevelEditor\LevelEditor.vcxproj", "{A96DB6FA-DA44-469B-B0DA-E96F7B0E28DA}"
EndProject
Project("{8BC9CEB8-8B4A-11D0-8D11-00A0C91BC942}") = "Engine", "..\Engine\Engine.vcxproj", "{A110B53D-FF13-4B46-BE40-DF3377753D29}"
	ProjectSection(ProjectDependencies) = postProject
		{FF70DC70-8680-46C5-BBC7-8A4781C88B6F} = {FF70DC70-8680-46C5-BBC7-8A4781C88B6F}
		{8949627B-95BF-43A1-8FB4-87CB886F067F} = {8949627B-95BF-43A1-8FB4-87CB886F067F}
		{4E915AE2-2C7A-4C4F-9A99-0A289E9A0EE5} = {4E915AE2-2C7A-4C4F-9A99-0A289E9A0EE5}
	EndProjectSection
EndProject
Project("{8BC9CEB8-8B4A-11D0-8D11-00A0C91BC942}") = "ZombieLand", "..\ZombieLand\ZombieLand.vcxproj", "{335ADDE9-3CDA-4414-8379-46408E2D98BE}"
	ProjectSection(ProjectDependencies) = postProject
		{A110B53D-FF13-4B46-BE40-DF3377753D29} = {A110B53D-FF13-4B46-BE40-DF3377753D29}
	EndProjectSection
EndProject
Project("{8BC9CEB8-8B4A-11D0-8D11-00A0C91BC942}") = "Lua", "..\Lua\Lua.vcxproj", "{FF70DC70-8680-46C5-BBC7-8A4781C88B6F}"
EndProject
Project("{8BC9CEB8-8B4A-11D0-8D11-00A0C91BC942}") = "Luabind", "..\LuaBind\Luabind.vcxproj", "{8949627B-95BF-43A1-8FB4-87CB886F067F}"
EndProject
Project("{2150E333-8FDC-42A3-9474-1A3956D46DE8}") = "Solution Items", "Solution Items", "{23DB6796-55AD-4760-BB86-0FBB414269D6}"
	ProjectSection(SolutionItems) = preProject
		Performance1.psess = Performance1.psess
	EndProjectSection
EndProject
Project("{8BC9CEB8-8B4A-11D0-8D11-00A0C91BC942}") = "guichan", "..\GUIChan\guichan.vcxproj", "{4E915AE2-2C7A-4C4F-9A99-0A289E9A0EE5}"
EndProject
Global
	GlobalSection(SolutionConfigurationPlatforms) = preSolution
		Debug|Any CPU = Debug|Any CPU
		Debug|Mixed Platforms = Debug|Mixed Platforms
		Debug|Win32 = Debug|Win32
		Debug|x86 = Debug|x86
		MinSizeRel|Any CPU = MinSizeRel|Any CPU
		MinSizeRel|Mixed Platforms = MinSizeRel|Mixed Platforms
		MinSizeRel|Win32 = MinSizeRel|Win32
		MinSizeRel|x86 = MinSizeRel|x86
		Release|Any CPU = Release|Any CPU
		Release|Mixed Platforms = Release|Mixed Platforms
		Release|Win32 = Release|Win32
		Release|x86 = Release|x86
		RelWithDebInfo|Any CPU = RelWithDebInfo|Any CPU
		RelWithDebInfo|Mixed Platforms = RelWithDebInfo|Mixed Platforms
		RelWithDebInfo|Win32 = RelWithDebInfo|Win32
		RelWithDebInfo|x86 = RelWithDebInfo|x86
	EndGlobalSection
	GlobalSection(ProjectConfigurationPlatforms) = postSolution
		{5592A221-47A5-4489-9E70-081F66F2AD7D}.Debug|Any CPU.ActiveCfg = Debug|Any CPU
		{5592A221-47A5-4489-9E70-081F66F2AD7D}.Debug|Any CPU.Build.0 = Debug|Any CPU
		{5592A221-47A5-4489-9E70-081F66F2AD7D}.Debug|Mixed Platforms.ActiveCfg = Debug|Any CPU
		{5592A221-47A5-4489-9E70-081F66F2AD7D}.Debug|Mixed Platforms.Build.0 = Debug|Any CPU
		{5592A221-47A5-4489-9E70-081F66F2AD7D}.Debug|Win32.ActiveCfg = Debug|Any CPU
		{5592A221-47A5-4489-9E70-081F66F2AD7D}.Debug|x86.ActiveCfg = Debug|Any CPU
		{5592A221-47A5-4489-9E70-081F66F2AD7D}.MinSizeRel|Any CPU.ActiveCfg = Release|Any CPU
		{5592A221-47A5-4489-9E70-081F66F2AD7D}.MinSizeRel|Any CPU.Build.0 = Release|Any CPU
		{5592A221-47A5-4489-9E70-081F66F2AD7D}.MinSizeRel|Mixed Platforms.ActiveCfg = Release|Any CPU
		{5592A221-47A5-4489-9E70-081F66F2AD7D}.MinSizeRel|Mixed Platforms.Build.0 = Release|Any CPU
		{5592A221-47A5-4489-9E70-081F66F2AD7D}.MinSizeRel|Win32.ActiveCfg = Release|Any CPU
		{5592A221-47A5-4489-9E70-081F66F2AD7D}.MinSizeRel|x86.ActiveCfg = Release|Any CPU
		{5592A221-47A5-4489-9E70-081F66F2AD7D}.Release|Any CPU.ActiveCfg = Release|Any CPU
		{5592A221-47A5-4489-9E70-081F66F2AD7D}.Release|Any CPU.Build.0 = Release|Any CPU
		{5592A221-47A5-4489-9E70-081F66F2AD7D}.Release|Mixed Platforms.ActiveCfg = Release|Any CPU
		{5592A221-47A5-4489-9E70-081F66F2AD7D}.Release|Mixed Platforms.Build.0 = Release|Any CPU
		{5592A221-47A5-4489-9E70-081F66F2AD7D}.Release|Win32.ActiveCfg = Release|Any CPU
		{5592A221-47A5-4489-9E70-081F66F2AD7D}.Release|x86.ActiveCfg = Release|Any CPU
		{5592A221-47A5-4489-9E70-081F66F2AD7D}.RelWithDebInfo|Any CPU.ActiveCfg = Release|Any CPU
		{5592A221-47A5-4489-9E70-081F66F2AD7D}.RelWithDebInfo|Any CPU.Build.0 = Release|Any CPU
		{5592A221-47A5-4489-9E70-081F66F2AD7D}.RelWithDebInfo|Mixed Platforms.ActiveCfg = Release|Any CPU
		{5592A221-47A5-4489-9E70-081F66F2AD7D}.RelWithDebInfo|Mixed Platforms.Build.0 = Release|Any CPU
		{5592A221-47A5-4489-9E70-081F66F2AD7D}.RelWithDebInfo|Win32.ActiveCfg = Release|Any CPU
		{5592A221-47A5-4489-9E70-081F66F2AD7D}.RelWithDebInfo|x86.ActiveCfg = Release|Any CPU
		{276A14FB-F472-44EA-9212-C1B52A9B9827}.Debug|Any CPU.ActiveCfg = Debug|x86
		{276A14FB-F472-44EA-9212-C1B52A9B9827}.Debug|Mixed Platforms.ActiveCfg = Debug|x86
		{276A14FB-F472-44EA-9212-C1B52A9B9827}.Debug|Mixed Platforms.Build.0 = Debug|x86
		{276A14FB-F472-44EA-9212-C1B52A9B9827}.Debug|Win32.ActiveCfg = Debug|x86
		{276A14FB-F472-44EA-9212-C1B52A9B9827}.Debug|x86.ActiveCfg = Debug|x86
		{276A14FB-F472-44EA-9212-C1B52A9B9827}.Debug|x86.Build.0 = Debug|x86
		{276A14FB-F472-44EA-9212-C1B52A9B9827}.MinSizeRel|Any CPU.ActiveCfg = Release|x86
		{276A14FB-F472-44EA-9212-C1B52A9B9827}.MinSizeRel|Mixed Platforms.ActiveCfg = Release|x86
		{276A14FB-F472-44EA-9212-C1B52A9B9827}.MinSizeRel|Mixed Platforms.Build.0 = Release|x86
		{276A14FB-F472-44EA-9212-C1B52A9B9827}.MinSizeRel|Win32.ActiveCfg = Release|x86
		{276A14FB-F472-44EA-9212-C1B52A9B9827}.MinSizeRel|x86.ActiveCfg = Release|x86
		{276A14FB-F472-44EA-9212-C1B52A9B9827}.MinSizeRel|x86.Build.0 = Release|x86
		{276A14FB-F472-44EA-9212-C1B52A9B9827}.Release|Any CPU.ActiveCfg = Release|x86
		{276A14FB-F472-44EA-9212-C1B52A9B9827}.Release|Mixed Platforms.ActiveCfg = Release|x86
		{276A14FB-F472-44EA-9212-C1B52A9B9827}.Release|Mixed Platforms.Build.0 = Release|x86
		{276A14FB-F472-44EA-9212-C1B52A9B9827}.Release|Win32.ActiveCfg = Release|x86
		{276A14FB-F472-44EA-9212-C1B52A9B9827}.Release|x86.ActiveCfg = Release|x86
		{276A14FB-F472-44EA-9212-C1B52A9B9827}.Release|x86.Build.0 = Release|x86
		{276A14FB-F472-44EA-9212-C1B52A9B9827}.RelWithDebInfo|Any CPU.ActiveCfg = Release|x86
		{276A14FB-F472-44EA-9212-C1B52A9B9827}.RelWithDebInfo|Mixed Platforms.ActiveCfg = Release|x86
		{276A14FB-F472-44EA-9212-C1B52A9B9827}.RelWithDebInfo|Mixed Platforms.Build.0 = Release|x86
		{276A14FB-F472-44EA-9212-C1B52A9B9827}.RelWithDebInfo|Win32.ActiveCfg = Release|x86
		{276A14FB-F472-44EA-9212-C1B52A9B9827}.RelWithDebInfo|x86.ActiveCfg = Release|x86
		{276A14FB-F472-44EA-9212-C1B52A9B9827}.RelWithDebInfo|x86.Build.0 = Release|x86
		{87E61430-4243-45F2-B74E-0A4C096CEBF3}.Debug|Any CPU.ActiveCfg = Debug|Any CPU
		{87E61430-4243-45F2-B74E-0A4C096CEBF3}.Debug|Any CPU.Build.0 = Debug|Any CPU
		{87E61430-4243-45F2-B74E-0A4C096CEBF3}.Debug|Mixed Platforms.ActiveCfg = Debug|Any CPU
		{87E61430-4243-45F2-B74E-0A4C096CEBF3}.Debug|Mixed Platforms.Build.0 = Debug|Any CPU
		{87E61430-4243-45F2-B74E-0A4C096CEBF3}.Debug|Win32.ActiveCfg = Debug|Any CPU
		{87E61430-4243-45F2-B74E-0A4C096CEBF3}.Debug|x86.ActiveCfg = Debug|Any CPU
		{87E61430-4243-45F2-B74E-0A4C096CEBF3}.MinSizeRel|Any CPU.ActiveCfg = Release|Any CPU
		{87E61430-4243-45F2-B74E-0A4C096CEBF3}.MinSizeRel|Any CPU.Build.0 = Release|Any CPU
		{87E61430-4243-45F2-B74E-0A4C096CEBF3}.MinSizeRel|Mixed Platforms.ActiveCfg = Release|Any CPU
		{87E61430-4243-45F2-B74E-0A4C096CEBF3}.MinSizeRel|Mixed Platforms.Build.0 = Release|Any CPU
		{87E61430-4243-45F2-B74E-0A4C096CEBF3}.MinSizeRel|Win32.ActiveCfg = Release|Any CPU
		{87E61430-4243-45F2-B74E-0A4C096CEBF3}.MinSizeRel|x86.ActiveCfg = Release|Any CPU
		{87E61430-4243-45F2-B74E-0A4C096CEBF3}.Release|Any CPU.ActiveCfg = Release|Any CPU
		{87E61430-4243-45F2-B74E-0A4C096CEBF3}.Release|Any CPU.Build.0 = Release|Any CPU
		{87E61430-4243-45F2-B74E-0A4C096CEBF3}.Release|Mixed Platforms.ActiveCfg = Release|Any CPU
		{87E61430-4243-45F2-B74E-0A4C096CEBF3}.Release|Mixed Platforms.Build.0 = Release|Any CPU
		{87E61430-4243-45F2-B74E-0A4C096CEBF3}.Release|Win32.ActiveCfg = Release|Any CPU
		{87E61430-4243-45F2-B74E-0A4C096CEBF3}.Release|x86.ActiveCfg = Release|Any CPU
		{87E61430-4243-45F2-B74E-0A4C096CEBF3}.RelWithDebInfo|Any CPU.ActiveCfg = Release|Any CPU
		{87E61430-4243-45F2-B74E-0A4C096CEBF3}.RelWithDebInfo|Any CPU.Build.0 = Release|Any CPU
		{87E61430-4243-45F2-B74E-0A4C096CEBF3}.RelWithDebInfo|Mixed Platforms.ActiveCfg = Release|Any CPU
		{87E61430-4243-45F2-B74E-0A4C096CEBF3}.RelWithDebInfo|Mixed Platforms.Build.0 = Release|Any CPU
		{87E61430-4243-45F2-B74E-0A4C096CEBF3}.RelWithDebInfo|Win32.ActiveCfg = Release|Any CPU
		{87E61430-4243-45F2-B74E-0A4C096CEBF3}.RelWithDebInfo|x86.ActiveCfg = Release|Any CPU
		{4B1BD7BB-01FF-45D7-863E-A97CC106B1CE}.Debug|Any CPU.ActiveCfg = Debug|Any CPU
		{4B1BD7BB-01FF-45D7-863E-A97CC106B1CE}.Debug|Any CPU.Build.0 = Debug|Any CPU
		{4B1BD7BB-01FF-45D7-863E-A97CC106B1CE}.Debug|Mixed Platforms.ActiveCfg = Debug|Any CPU
		{4B1BD7BB-01FF-45D7-863E-A97CC106B1CE}.Debug|Mixed Platforms.Build.0 = Debug|Any CPU
		{4B1BD7BB-01FF-45D7-863E-A97CC106B1CE}.Debug|Win32.ActiveCfg = Debug|Any CPU
		{4B1BD7BB-01FF-45D7-863E-A97CC106B1CE}.Debug|x86.ActiveCfg = Debug|Any CPU
		{4B1BD7BB-01FF-45D7-863E-A97CC106B1CE}.MinSizeRel|Any CPU.ActiveCfg = Release|Any CPU
		{4B1BD7BB-01FF-45D7-863E-A97CC106B1CE}.MinSizeRel|Any CPU.Build.0 = Release|Any CPU
		{4B1BD7BB-01FF-45D7-863E-A97CC106B1CE}.MinSizeRel|Mixed Platforms.ActiveCfg = Release|Any CPU
		{4B1BD7BB-01FF-45D7-863E-A97CC106B1CE}.MinSizeRel|Mixed Platforms.Build.0 = Release|Any CPU
		{4B1BD7BB-01FF-45D7-863E-A97CC106B1CE}.MinSizeRel|Win32.ActiveCfg = Release|Any CPU
		{4B1BD7BB-01FF-45D7-863E-A97CC106B1CE}.MinSizeRel|x86.ActiveCfg = Release|Any CPU
		{4B1BD7BB-01FF-45D7-863E-A97CC106B1CE}.Release|Any CPU.ActiveCfg = Release|Any CPU
		{4B1BD7BB-01FF-45D7-863E-A97CC106B1CE}.Release|Any CPU.Build.0 = Release|Any CPU
		{4B1BD7BB-01FF-45D7-863E-A97CC106B1CE}.Release|Mixed Platforms.ActiveCfg = Release|Any CPU
		{4B1BD7BB-01FF-45D7-863E-A97CC106B1CE}.Release|Mixed Platforms.Build.0 = Release|Any CPU
		{4B1BD7BB-01FF-45D7-863E-A97CC106B1CE}.Release|Win32.ActiveCfg = Release|Any CPU
		{4B1BD7BB-01FF-45D7-863E-A97CC106B1CE}.Release|x86.ActiveCfg = Release|Any CPU
		{4B1BD7BB-01FF-45D7-863E-A97CC106B1CE}.RelWithDebInfo|Any CPU.ActiveCfg = Release|Any CPU
		{4B1BD7BB-01FF-45D7-863E-A97CC106B1CE}.RelWithDebInfo|Any CPU.Build.0 = Release|Any CPU
		{4B1BD7BB-01FF-45D7-863E-A97CC106B1CE}.RelWithDebInfo|Mixed Platforms.ActiveCfg = Release|Any CPU
		{4B1BD7BB-01FF-45D7-863E-A97CC106B1CE}.RelWithDebInfo|Mixed Platforms.Build.0 = Release|Any CPU
		{4B1BD7BB-01FF-45D7-863E-A97CC106B1CE}.RelWithDebInfo|Win32.ActiveCfg = Release|Any CPU
		{4B1BD7BB-01FF-45D7-863E-A97CC106B1CE}.RelWithDebInfo|x86.ActiveCfg = Release|Any CPU
		{C1A65C3D-CEEF-4F10-BEC3-AB182E7E45E3}.Debug|Any CPU.ActiveCfg = Debug|Any CPU
		{C1A65C3D-CEEF-4F10-BEC3-AB182E7E45E3}.Debug|Any CPU.Build.0 = Debug|Any CPU
		{C1A65C3D-CEEF-4F10-BEC3-AB182E7E45E3}.Debug|Mixed Platforms.ActiveCfg = Debug|Any CPU
		{C1A65C3D-CEEF-4F10-BEC3-AB182E7E45E3}.Debug|Mixed Platforms.Build.0 = Debug|Any CPU
		{C1A65C3D-CEEF-4F10-BEC3-AB182E7E45E3}.Debug|Win32.ActiveCfg = Debug|Any CPU
		{C1A65C3D-CEEF-4F10-BEC3-AB182E7E45E3}.Debug|x86.ActiveCfg = Debug|Any CPU
		{C1A65C3D-CEEF-4F10-BEC3-AB182E7E45E3}.MinSizeRel|Any CPU.ActiveCfg = Release|Any CPU
		{C1A65C3D-CEEF-4F10-BEC3-AB182E7E45E3}.MinSizeRel|Any CPU.Build.0 = Release|Any CPU
		{C1A65C3D-CEEF-4F10-BEC3-AB182E7E45E3}.MinSizeRel|Mixed Platforms.ActiveCfg = Release|Any CPU
		{C1A65C3D-CEEF-4F10-BEC3-AB182E7E45E3}.MinSizeRel|Mixed Platforms.Build.0 = Release|Any CPU
		{C1A65C3D-CEEF-4F10-BEC3-AB182E7E45E3}.MinSizeRel|Win32.ActiveCfg = Release|Any CPU
		{C1A65C3D-CEEF-4F10-BEC3-AB182E7E45E3}.MinSizeRel|x86.ActiveCfg = Release|Any CPU
		{C1A65C3D-CEEF-4F10-BEC3-AB182E7E45E3}.Release|Any CPU.ActiveCfg = Release|Any CPU
		{C1A65C3D-CEEF-4F10-BEC3-AB182E7E45E3}.Release|Any CPU.Build.0 = Release|Any CPU
		{C1A65C3D-CEEF-4F10-BEC3-AB182E7E45E3}.Release|Mixed Platforms.ActiveCfg = Release|Any CPU
		{C1A65C3D-CEEF-4F10-BEC3-AB182E7E45E3}.Release|Mixed Platforms.Build.0 = Release|Any CPU
		{C1A65C3D-CEEF-4F10-BEC3-AB182E7E45E3}.Release|Win32.ActiveCfg = Release|Any CPU
		{C1A65C3D-CEEF-4F10-BEC3-AB182E7E45E3}.Release|x86.ActiveCfg = Release|Any CPU
		{C1A65C3D-CEEF-4F10-BEC3-AB182E7E45E3}.RelWithDebInfo|Any CPU.ActiveCfg = Release|Any CPU
		{C1A65C3D-CEEF-4F10-BEC3-AB182E7E45E3}.RelWithDebInfo|Any CPU.Build.0 = Release|Any CPU
		{C1A65C3D-CEEF-4F10-BEC3-AB182E7E45E3}.RelWithDebInfo|Mixed Platforms.ActiveCfg = Release|Any CPU
		{C1A65C3D-CEEF-4F10-BEC3-AB182E7E45E3}.RelWithDebInfo|Mixed Platforms.Build.0 = Release|Any CPU
		{C1A65C3D-CEEF-4F10-BEC3-AB182E7E45E3}.RelWithDebInfo|Win32.ActiveCfg = Release|Any CPU
		{C1A65C3D-CEEF-4F10-BEC3-AB182E7E45E3}.RelWithDebInfo|x86.ActiveCfg = Release|Any CPU
		{6C55B776-26D4-4DB3-A6AB-87E783B2F3D1}.Debug|Any CPU.ActiveCfg = Debug|Any CPU
		{6C55B776-26D4-4DB3-A6AB-87E783B2F3D1}.Debug|Any CPU.Build.0 = Debug|Any CPU
		{6C55B776-26D4-4DB3-A6AB-87E783B2F3D1}.Debug|Mixed Platforms.ActiveCfg = Debug|Any CPU
		{6C55B776-26D4-4DB3-A6AB-87E783B2F3D1}.Debug|Mixed Platforms.Build.0 = Debug|Any CPU
		{6C55B776-26D4-4DB3-A6AB-87E783B2F3D1}.Debug|Win32.ActiveCfg = Debug|Any CPU
		{6C55B776-26D4-4DB3-A6AB-87E783B2F3D1}.Debug|x86.ActiveCfg = Debug|Any CPU
		{6C55B776-26D4-4DB3-A6AB-87E783B2F3D1}.MinSizeRel|Any CPU.ActiveCfg = Release|Any CPU
		{6C55B776-26D4-4DB3-A6AB-87E783B2F3D1}.MinSizeRel|Any CPU.Build.0 = Release|Any CPU
		{6C55B776-26D4-4DB3-A6AB-87E783B2F3D1}.MinSizeRel|Mixed Platforms.ActiveCfg = Release|Any CPU
		{6C55B776-26D4-4DB3-A6AB-87E783B2F3D1}.MinSizeRel|Mixed Platforms.Build.0 = Release|Any CPU
		{6C55B776-26D4-4DB3-A6AB-87E783B2F3D1}.MinSizeRel|Win32.ActiveCfg = Release|Any CPU
		{6C55B776-26D4-4DB3-A6AB-87E783B2F3D1}.MinSizeRel|x86.ActiveCfg = Release|Any CPU
		{6C55B776-26D4-4DB3-A6AB-87E783B2F3D1}.Release|Any CPU.ActiveCfg = Release|Any CPU
		{6C55B776-26D4-4DB3-A6AB-87E783B2F3D1}.Release|Any CPU.Build.0 = Release|Any CPU
		{6C55B776-26D4-4DB3-A6AB-87E783B2F3D1}.Release|Mixed Platforms.ActiveCfg = Release|Any CPU
		{6C55B776-26D4-4DB3-A6AB-87E783B2F3D1}.Release|Mixed Platforms.Build.0 = Release|Any CPU
		{6C55B776-26D4-4DB3-A6AB-87E783B2F3D1}.Release|Win32.ActiveCfg = Release|Any CPU
		{6C55B776-26D4-4DB3-A6AB-87E783B2F3D1}.Release|x86.ActiveCfg = Release|Any CPU
		{6C55B776-26D4-4DB3-A6AB-87E783B2F3D1}.RelWithDebInfo|Any CPU.ActiveCfg = Release|Any CPU
		{6C55B776-26D4-4DB3-A6AB-87E783B2F3D1}.RelWithDebInfo|Any CPU.Build.0 = Release|Any CPU
		{6C55B776-26D4-4DB3-A6AB-87E783B2F3D1}.RelWithDebInfo|Mixed Platforms.ActiveCfg = Release|Any CPU
		{6C55B776-26D4-4DB3-A6AB-87E783B2F3D1}.RelWithDebInfo|Mixed Platforms.Build.0 = Release|Any CPU
		{6C55B776-26D4-4DB3-A6AB-87E783B2F3D1}.RelWithDebInfo|Win32.ActiveCfg = Release|Any CPU
		{6C55B776-26D4-4DB3-A6AB-87E783B2F3D1}.RelWithDebInfo|x86.ActiveCfg = Release|Any CPU
		{A96DB6FA-DA44-469B-B0DA-E96F7B0E28DA}.Debug|Any CPU.ActiveCfg = Debug|Win32
		{A96DB6FA-DA44-469B-B0DA-E96F7B0E28DA}.Debug|Mixed Platforms.ActiveCfg = Debug|Win32
		{A96DB6FA-DA44-469B-B0DA-E96F7B0E28DA}.Debug|Mixed Platforms.Build.0 = Debug|Win32
		{A96DB6FA-DA44-469B-B0DA-E96F7B0E28DA}.Debug|Win32.ActiveCfg = Debug|Win32
		{A96DB6FA-DA44-469B-B0DA-E96F7B0E28DA}.Debug|Win32.Build.0 = Debug|Win32
		{A96DB6FA-DA44-469B-B0DA-E96F7B0E28DA}.Debug|x86.ActiveCfg = Debug|Win32
		{A96DB6FA-DA44-469B-B0DA-E96F7B0E28DA}.MinSizeRel|Any CPU.ActiveCfg = Release|Win32
		{A96DB6FA-DA44-469B-B0DA-E96F7B0E28DA}.MinSizeRel|Mixed Platforms.ActiveCfg = Release|Win32
		{A96DB6FA-DA44-469B-B0DA-E96F7B0E28DA}.MinSizeRel|Mixed Platforms.Build.0 = Release|Win32
		{A96DB6FA-DA44-469B-B0DA-E96F7B0E28DA}.MinSizeRel|Win32.ActiveCfg = Release|Win32
		{A96DB6FA-DA44-469B-B0DA-E96F7B0E28DA}.MinSizeRel|Win32.Build.0 = Release|Win32
		{A96DB6FA-DA44-469B-B0DA-E96F7B0E28DA}.MinSizeRel|x86.ActiveCfg = Release|Win32
		{A96DB6FA-DA44-469B-B0DA-E96F7B0E28DA}.Release|Any CPU.ActiveCfg = Release|Win32
		{A96DB6FA-DA44-469B-B0DA-E96F7B0E28DA}.Release|Mixed Platforms.ActiveCfg = Release|Win32
		{A96DB6FA-DA44-469B-B0DA-E96F7B0E28DA}.Release|Mixed Platforms.Build.0 = Release|Win32
		{A96DB6FA-DA44-469B-B0DA-E96F7B0E28DA}.Release|Win32.ActiveCfg = Release|Win32
		{A96DB6FA-DA44-469B-B0DA-E96F7B0E28DA}.Release|Win32.Build.0 = Release|Win32
		{A96DB6FA-DA44-469B-B0DA-E96F7B0E28DA}.Release|x86.ActiveCfg = Release|Win32
		{A96DB6FA-DA44-469B-B0DA-E96F7B0E28DA}.RelWithDebInfo|Any CPU.ActiveCfg = Release|Win32
		{A96DB6FA-DA44-469B-B0DA-E96F7B0E28DA}.RelWithDebInfo|Mixed Platforms.ActiveCfg = Release|Win32
		{A96DB6FA-DA44-469B-B0DA-E96F7B0E28DA}.RelWithDebInfo|Mixed Platforms.Build.0 = Release|Win32
		{A96DB6FA-DA44-469B-B0DA-E96F7B0E28DA}.RelWithDebInfo|Win32.ActiveCfg = Release|Win32
		{A96DB6FA-DA44-469B-B0DA-E96F7B0E28DA}.RelWithDebInfo|Win32.Build.0 = Release|Win32
		{A96DB6FA-DA44-469B-B0DA-E96F7B0E28DA}.RelWithDebInfo|x86.ActiveCfg = Release|Win32
		{A110B53D-FF13-4B46-BE40-DF3377753D29}.Debug|Any CPU.ActiveCfg = Debug|Win32
		{A110B53D-FF13-4B46-BE40-DF3377753D29}.Debug|Mixed Platforms.ActiveCfg = Debug|Win32
		{A110B53D-FF13-4B46-BE40-DF3377753D29}.Debug|Mixed Platforms.Build.0 = Debug|Win32
		{A110B53D-FF13-4B46-BE40-DF3377753D29}.Debug|Win32.ActiveCfg = Debug|Win32
		{A110B53D-FF13-4B46-BE40-DF3377753D29}.Debug|Win32.Build.0 = Debug|Win32
		{A110B53D-FF13-4B46-BE40-DF3377753D29}.Debug|x86.ActiveCfg = Debug|Win32
		{A110B53D-FF13-4B46-BE40-DF3377753D29}.MinSizeRel|Any CPU.ActiveCfg = Release|Win32
		{A110B53D-FF13-4B46-BE40-DF3377753D29}.MinSizeRel|Mixed Platforms.ActiveCfg = Release|Win32
		{A110B53D-FF13-4B46-BE40-DF3377753D29}.MinSizeRel|Mixed Platforms.Build.0 = Release|Win32
		{A110B53D-FF13-4B46-BE40-DF3377753D29}.MinSizeRel|Win32.ActiveCfg = Release|Win32
		{A110B53D-FF13-4B46-BE40-DF3377753D29}.MinSizeRel|Win32.Build.0 = Release|Win32
		{A110B53D-FF13-4B46-BE40-DF3377753D29}.MinSizeRel|x86.ActiveCfg = Release|Win32
		{A110B53D-FF13-4B46-BE40-DF3377753D29}.Release|Any CPU.ActiveCfg = Release|Win32
		{A110B53D-FF13-4B46-BE40-DF3377753D29}.Release|Mixed Platforms.ActiveCfg = Release|Win32
		{A110B53D-FF13-4B46-BE40-DF3377753D29}.Release|Mixed Platforms.Build.0 = Release|Win32
		{A110B53D-FF13-4B46-BE40-DF3377753D29}.Release|Win32.ActiveCfg = Release|Win32
		{A110B53D-FF13-4B46-BE40-DF3377753D29}.Release|Win32.Build.0 = Release|Win32
		{A110B53D-FF13-4B46-BE40-DF3377753D29}.Release|x86.ActiveCfg = Release|Win32
		{A110B53D-FF13-4B46-BE40-DF3377753D29}.RelWithDebInfo|Any CPU.ActiveCfg = Release|Win32
		{A110B53D-FF13-4B46-BE40-DF3377753D29}.RelWithDebInfo|Mixed Platforms.ActiveCfg = Release|Win32
		{A110B53D-FF13-4B46-BE40-DF3377753D29}.RelWithDebInfo|Mixed Platforms.Build.0 = Release|Win32
		{A110B53D-FF13-4B46-BE40-DF3377753D29}.RelWithDebInfo|Win32.ActiveCfg = Release|Win32
		{A110B53D-FF13-4B46-BE40-DF3377753D29}.RelWithDebInfo|Win32.Build.0 = Release|Win32
		{A110B53D-FF13-4B46-BE40-DF3377753D29}.RelWithDebInfo|x86.ActiveCfg = Release|Win32
		{335ADDE9-3CDA-4414-8379-46408E2D98BE}.Debug|Any CPU.ActiveCfg = Debug|Win32
		{335ADDE9-3CDA-4414-8379-46408E2D98BE}.Debug|Mixed Platforms.ActiveCfg = Debug|Win32
		{335ADDE9-3CDA-4414-8379-46408E2D98BE}.Debug|Mixed Platforms.Build.0 = Debug|Win32
		{335ADDE9-3CDA-4414-8379-46408E2D98BE}.Debug|Win32.ActiveCfg = Debug|Win32
		{335ADDE9-3CDA-4414-8379-46408E2D98BE}.Debug|Win32.Build.0 = Debug|Win32
		{335ADDE9-3CDA-4414-8379-46408E2D98BE}.Debug|x86.ActiveCfg = Debug|Win32
		{335ADDE9-3CDA-4414-8379-46408E2D98BE}.MinSizeRel|Any CPU.ActiveCfg = Release|Win32
		{335ADDE9-3CDA-4414-8379-46408E2D98BE}.MinSizeRel|Mixed Platforms.ActiveCfg = Release|Win32
		{335ADDE9-3CDA-4414-8379-46408E2D98BE}.MinSizeRel|Mixed Platforms.Build.0 = Release|Win32
		{335ADDE9-3CDA-4414-8379-46408E2D98BE}.MinSizeRel|Win32.ActiveCfg = Release|Win32
		{335ADDE9-3CDA-4414-8379-46408E2D98BE}.MinSizeRel|Win32.Build.0 = Release|Win32
		{335ADDE9-3CDA-4414-8379-46408E2D98BE}.MinSizeRel|x86.ActiveCfg = Release|Win32
		{335ADDE9-3CDA-4414-8379-46408E2D98BE}.Release|Any CPU.ActiveCfg = Release|Win32
		{335ADDE9-3CDA-4414-8379-46408E2D98BE}.Release|Mixed Platforms.ActiveCfg = Release|Win32
		{335ADDE9-3CDA-4414-8379-46408E2D98BE}.Release|Mixed Platforms.Build.0 = Release|Win32
		{335ADDE9-3CDA-4414-8379-46408E2D98BE}.Release|Win32.ActiveCfg = Release|Win32
		{335ADDE9-3CDA-4414-8379-46408E2D98BE}.Release|Win32.Build.0 = Release|Win32
		{335ADDE9-3CDA-4414-8379-46408E2D98BE}.Release|x86.ActiveCfg = Release|Win32
		{335ADDE9-3CDA-4414-8379-46408E2D98BE}.RelWithDebInfo|Any CPU.ActiveCfg = Release|Win32
		{335ADDE9-3CDA-4414-8379-46408E2D98BE}.RelWithDebInfo|Mixed Platforms.ActiveCfg = Release|Win32
		{335ADDE9-3CDA-4414-8379-46408E2D98BE}.RelWithDebInfo|Mixed Platforms.Build.0 = Release|Win32
		{335ADDE9-3CDA-4414-8379-46408E2D98BE}.RelWithDebInfo|Win32.ActiveCfg = Release|Win32
		{335ADDE9-3CDA-4414-8379-46408E2D98BE}.RelWithDebInfo|Win32.Build.0 = Release|Win32
		{335ADDE9-3CDA-4414-8379-46408E2D98BE}.RelWithDebInfo|x86.ActiveCfg = Release|Win32
		{FF70DC70-8680-46C5-BBC7-8A4781C88B6F}.Debug|Any CPU.ActiveCfg = Debug|Win32
		{FF70DC70-8680-46C5-BBC7-8A4781C88B6F}.Debug|Mixed Platforms.ActiveCfg = Debug|Win32
		{FF70DC70-8680-46C5-BBC7-8A4781C88B6F}.Debug|Mixed Platforms.Build.0 = Debug|Win32
		{FF70DC70-8680-46C5-BBC7-8A4781C88B6F}.Debug|Win32.ActiveCfg = Debug|Win32
		{FF70DC70-8680-46C5-BBC7-8A4781C88B6F}.Debug|Win32.Build.0 = Debug|Win32
		{FF70DC70-8680-46C5-BBC7-8A4781C88B6F}.Debug|x86.ActiveCfg = Debug|Win32
		{FF70DC70-8680-46C5-BBC7-8A4781C88B6F}.MinSizeRel|Any CPU.ActiveCfg = Release|Win32
		{FF70DC70-8680-46C5-BBC7-8A4781C88B6F}.MinSizeRel|Mixed Platforms.ActiveCfg = Release|Win32
		{FF70DC70-8680-46C5-BBC7-8A4781C88B6F}.MinSizeRel|Mixed Platforms.Build.0 = Release|Win32
		{FF70DC70-8680-46C5-BBC7-8A4781C88B6F}.MinSizeRel|Win32.ActiveCfg = Release|Win32
		{FF70DC70-8680-46C5-BBC7-8A4781C88B6F}.MinSizeRel|Win32.Build.0 = Release|Win32
		{FF70DC70-8680-46C5-BBC7-8A4781C88B6F}.MinSizeRel|x86.ActiveCfg = Release|Win32
		{FF70DC70-8680-46C5-BBC7-8A4781C88B6F}.Release|Any CPU.ActiveCfg = Release|Win32
		{FF70DC70-8680-46C5-BBC7-8A4781C88B6F}.Release|Mixed Platforms.ActiveCfg = Release|Win32
		{FF70DC70-8680-46C5-BBC7-8A4781C88B6F}.Release|Mixed Platforms.Build.0 = Release|Win32
		{FF70DC70-8680-46C5-BBC7-8A4781C88B6F}.Release|Win32.ActiveCfg = Release|Win32
		{FF70DC70-8680-46C5-BBC7-8A4781C88B6F}.Release|Win32.Build.0 = Release|Win32
		{FF70DC70-8680-46C5-BBC7-8A4781C88B6F}.Release|x86.ActiveCfg = Release|Win32
		{FF70DC70-8680-46C5-BBC7-8A4781C88B6F}.RelWithDebInfo|Any CPU.ActiveCfg = Release|Win32
		{FF70DC70-8680-46C5-BBC7-8A4781C88B6F}.RelWithDebInfo|Mixed Platforms.ActiveCfg = Release|Win32
		{FF70DC70-8680-46C5-BBC7-8A4781C88B6F}.RelWithDebInfo|Mixed Platforms.Build.0 = Release|Win32
		{FF70DC70-8680-46C5-BBC7-8A4781C88B6F}.RelWithDebInfo|Win32.ActiveCfg = Release|Win32
		{FF70DC70-8680-46C5-BBC7-8A4781C88B6F}.RelWithDebInfo|Win32.Build.0 = Release|Win32
		{FF70DC70-8680-46C5-BBC7-8A4781C88B6F}.RelWithDebInfo|x86.ActiveCfg = Release|Win32
		{8949627B-95BF-43A1-8FB4-87CB886F067F}.Debug|Any CPU.ActiveCfg = Debug|Win32
		{8949627B-95BF-43A1-8FB4-87CB886F067F}.Debug|Mixed Platforms.ActiveCfg = Debug|Win32
		{8949627B-95BF-43A1-8FB4-87CB886F067F}.Debug|Mixed Platforms.Build.0 = Debug|Win32
		{8949627B-95BF-43A1-8FB4-87CB886F067F}.Debug|Win32.ActiveCfg = Debug|Win32
		{8949627B-95BF-43A1-8FB4-87CB886F067F}.Debug|Win32.Build.0 = Debug|Win32
		{8949627B-95BF-43A1-8FB4-87CB886F067F}.Debug|x86.ActiveCfg = Debug|Win32
		{8949627B-95BF-43A1-8FB4-87CB886F067F}.MinSizeRel|Any CPU.ActiveCfg = Release|Win32
		{8949627B-95BF-43A1-8FB4-87CB886F067F}.MinSizeRel|Mixed Platforms.ActiveCfg = Release|Win32
		{8949627B-95BF-43A1-8FB4-87CB886F067F}.MinSizeRel|Mixed Platforms.Build.0 = Release|Win32
		{8949627B-95BF-43A1-8FB4-87CB886F067F}.MinSizeRel|Win32.ActiveCfg = Release|Win32
		{8949627B-95BF-43A1-8FB4-87CB886F067F}.MinSizeRel|Win32.Build.0 = Release|Win32
		{8949627B-95BF-43A1-8FB4-87CB886F067F}.MinSizeRel|x86.ActiveCfg = Release|Win32
		{8949627B-95BF-43A1-8FB4-87CB886F067F}.Release|Any CPU.ActiveCfg = Release|Win32
		{8949627B-95BF-43A1-8FB4-87CB886F067F}.Release|Mixed Platforms.ActiveCfg = Release|Win32
		{8949627B-95BF-43A1-8FB4-87CB886F067F}.Release|Mixed Platforms.Build.0 = Release|Win32
		{8949627B-95BF-43A1-8FB4-87CB886F067F}.Release|Win32.ActiveCfg = Release|Win32
		{8949627B-95BF-43A1-8FB4-87CB886F067F}.Release|Win32.Build.0 = Release|Win32
		{8949627B-95BF-43A1-8FB4-87CB886F067F}.Release|x86.ActiveCfg = Release|Win32
		{8949627B-95BF-43A1-8FB4-87CB886F067F}.RelWithDebInfo|Any CPU.ActiveCfg = Release|Win32
		{8949627B-95BF-43A1-8FB4-87CB886F067F}.RelWithDebInfo|Mixed Platforms.ActiveCfg = Release|Win32
		{8949627B-95BF-43A1-8FB4-87CB886F067F}.RelWithDebInfo|Mixed Platforms.Build.0 = Release|Win32
		{8949627B-95BF-43A1-8FB4-87CB886F067F}.RelWithDebInfo|Win32.ActiveCfg = Release|Win32
		{8949627B-95BF-43A1-8FB4-87CB886F067F}.RelWithDebInfo|Win32.Build.0 = Release|Win32
		{8949627B-95BF-43A1-8FB4-87CB886F067F}.RelWithDebInfo|x86.ActiveCfg = Release|Win32
		{4E915AE2-2C7A-4C4F-9A99-0A289E9A0EE5}.Debug|Any CPU.ActiveCfg = Debug|Win32
		{4E915AE2-2C7A-4C4F-9A99-0A289E9A0EE5}.Debug|Mixed Platforms.ActiveCfg = Debug|Win32
		{4E915AE2-2C7A-4C4F-9A99-0A289E9A0EE5}.Debug|Mixed Platforms.Build.0 = Debug|Win32
		{4E915AE2-2C7A-4C4F-9A99-0A289E9A0EE5}.Debug|Win32.ActiveCfg = Debug|Win32
		{4E915AE2-2C7A-4C4F-9A99-0A289E9A0EE5}.Debug|Win32.Build.0 = Debug|Win32
		{4E915AE2-2C7A-4C4F-9A99-0A289E9A0EE5}.Debug|x86.ActiveCfg = Debug|Win32
		{4E915AE2-2C7A-4C4F-9A99-0A289E9A0EE5}.MinSizeRel|Any CPU.ActiveCfg = MinSizeRel|Win32
		{4E915AE2-2C7A-4C4F-9A99-0A289E9A0EE5}.MinSizeRel|Mixed Platforms.ActiveCfg = MinSizeRel|Win32
		{4E915AE2-2C7A-4C4F-9A99-0A289E9A0EE5}.MinSizeRel|Mixed Platforms.Build.0 = MinSizeRel|Win32
		{4E915AE2-2C7A-4C4F-9A99-0A289E9A0EE5}.MinSizeRel|Win32.ActiveCfg = MinSizeRel|Win32
		{4E915AE2-2C7A-4C4F-9A99-0A289E9A0EE5}.MinSizeRel|Win32.Build.0 = MinSizeRel|Win32
		{4E915AE2-2C7A-4C4F-9A99-0A289E9A0EE5}.MinSizeRel|x86.ActiveCfg = MinSizeRel|Win32
		{4E915AE2-2C7A-4C4F-9A99-0A289E9A0EE5}.Release|Any CPU.ActiveCfg = Release|Win32
		{4E915AE2-2C7A-4C4F-9A99-0A289E9A0EE5}.Release|Mixed Platforms.ActiveCfg = Release|Win32
		{4E915AE2-2C7A-4C4F-9A99-0A289E9A0EE5}.Release|Mixed Platforms.Build.0 = Release|Win32
		{4E915AE2-2C7A-4C4F-9A99-0A289E9A0EE5}.Release|Win32.ActiveCfg = Release|Win32
		{4E915AE2-2C7A-4C4F-9A99-0A289E9A0EE5}.Release|Win32.Build.0 = Release|Win32
		{4E915AE2-2C7A-4C4F-9A99-0A289E9A0EE5}.Release|x86.ActiveCfg = Release|Win32
		{4E915AE2-2C7A-4C4F-9A99-0A289E9A0EE5}.RelWithDebInfo|Any CPU.ActiveCfg = RelWithDebInfo|Win32
		{4E915AE2-2C7A-4C4F-9A99-0A289E9A0EE5}.RelWithDebInfo|Mixed Platforms.ActiveCfg = RelWithDebInfo|Win32
		{4E915AE2-2C7A-4C4F-9A99-0A289E9A0EE5}.RelWithDebInfo|Mixed Platforms.Build.0 = RelWithDebInfo|Win32
		{4E915AE2-2C7A-4C4F-9A99-0A289E9A0EE5}.RelWithDebInfo|Win32.ActiveCfg = RelWithDebInfo|Win32
		{4E915AE2-2C7A-4C4F-9A99-0A289E9A0EE5}.RelWithDebInfo|Win32.Build.0 = RelWithDebInfo|Win32
		{4E915AE2-2C7A-4C4F-9A99-0A289E9A0EE5}.RelWithDebInfo|x86.ActiveCfg = RelWithDebInfo|Win32
	EndGlobalSection
	GlobalSection(SolutionProperties) = preSolution
		HideSolutionNode = FALSE
	EndGlobalSection
EndGlobal
