
Microsoft Visual Studio Solution File, Format Version 11.00
# Visual Studio 2010
Project("{FAE04EC0-301F-11D3-BF4B-00C04F79EFBC}") = "Common", "Common\Common.csproj", "{5592A221-47A5-4489-9E70-081F66F2AD7D}"
EndProject
Project("{FAE04EC0-301F-11D3-BF4B-00C04F79EFBC}") = "IDE", "IDE\IDE.csproj", "{276A14FB-F472-44EA-9212-C1B52A9B9827}"
EndProject
Project("{FAE04EC0-301F-11D3-BF4B-00C04F79EFBC}") = "AvalonDock", "AvalonDock\AvalonDock.csproj", "{87E61430-4243-45F2-B74E-0A4C096CEBF3}"
EndProject
Project("{FAE04EC0-301F-11D3-BF4B-00C04F79EFBC}") = "QuestEditor", "QuestEditor\QuestEditor.csproj", "{4B1BD7BB-01FF-45D7-863E-A97CC106B1CE}"
EndProject
Project("{FAE04EC0-301F-11D3-BF4B-00C04F79EFBC}") = "LuaEditor", "LuaEditor\LuaEditor.csproj", "{C1A65C3D-CEEF-4F10-BEC3-AB182E7E45E3}"
EndProject
Project("{FAE04EC0-301F-11D3-BF4B-00C04F79EFBC}") = "ICSharpCode.AvalonEdit", "ICSharpCode.AvalonEdit\ICSharpCode.AvalonEdit.csproj", "{6C55B776-26D4-4DB3-A6AB-87E783B2F3D1}"
EndProject
Project("{8BC9CEB8-8B4A-11D0-8D11-00A0C91BC942}") = "IsilmeWrapper", "IsilmeWrapper\IsilmeWrapper.vcxproj", "{44EE82A4-7543-4E06-9220-18E62F7DEE70}"
EndProject
Project("{FAE04EC0-301F-11D3-BF4B-00C04F79EFBC}") = "TestCLRHGE", "TestCLRHGE\TestCLRHGE.csproj", "{C9B7754B-C6C2-4DA8-8651-AEF85448EAA5}"
EndProject
Global
	GlobalSection(SolutionConfigurationPlatforms) = preSolution
		Debug|Any CPU = Debug|Any CPU
		Debug|Mixed Platforms = Debug|Mixed Platforms
		Debug|Win32 = Debug|Win32
		Debug|x86 = Debug|x86
		Release|Any CPU = Release|Any CPU
		Release|Mixed Platforms = Release|Mixed Platforms
		Release|Win32 = Release|Win32
		Release|x86 = Release|x86
	EndGlobalSection
	GlobalSection(ProjectConfigurationPlatforms) = postSolution
		{5592A221-47A5-4489-9E70-081F66F2AD7D}.Debug|Any CPU.ActiveCfg = Debug|Any CPU
		{5592A221-47A5-4489-9E70-081F66F2AD7D}.Debug|Any CPU.Build.0 = Debug|Any CPU
		{5592A221-47A5-4489-9E70-081F66F2AD7D}.Debug|Mixed Platforms.ActiveCfg = Debug|Any CPU
		{5592A221-47A5-4489-9E70-081F66F2AD7D}.Debug|Mixed Platforms.Build.0 = Debug|Any CPU
		{5592A221-47A5-4489-9E70-081F66F2AD7D}.Debug|Win32.ActiveCfg = Debug|Any CPU
		{5592A221-47A5-4489-9E70-081F66F2AD7D}.Debug|x86.ActiveCfg = Debug|Any CPU
		{5592A221-47A5-4489-9E70-081F66F2AD7D}.Release|Any CPU.ActiveCfg = Release|Any CPU
		{5592A221-47A5-4489-9E70-081F66F2AD7D}.Release|Any CPU.Build.0 = Release|Any CPU
		{5592A221-47A5-4489-9E70-081F66F2AD7D}.Release|Mixed Platforms.ActiveCfg = Release|Any CPU
		{5592A221-47A5-4489-9E70-081F66F2AD7D}.Release|Mixed Platforms.Build.0 = Release|Any CPU
		{5592A221-47A5-4489-9E70-081F66F2AD7D}.Release|Win32.ActiveCfg = Release|Any CPU
		{5592A221-47A5-4489-9E70-081F66F2AD7D}.Release|x86.ActiveCfg = Release|Any CPU
		{276A14FB-F472-44EA-9212-C1B52A9B9827}.Debug|Any CPU.ActiveCfg = Debug|x86
		{276A14FB-F472-44EA-9212-C1B52A9B9827}.Debug|Mixed Platforms.ActiveCfg = Debug|x86
		{276A14FB-F472-44EA-9212-C1B52A9B9827}.Debug|Mixed Platforms.Build.0 = Debug|x86
		{276A14FB-F472-44EA-9212-C1B52A9B9827}.Debug|Win32.ActiveCfg = Debug|x86
		{276A14FB-F472-44EA-9212-C1B52A9B9827}.Debug|x86.ActiveCfg = Debug|x86
		{276A14FB-F472-44EA-9212-C1B52A9B9827}.Debug|x86.Build.0 = Debug|x86
		{276A14FB-F472-44EA-9212-C1B52A9B9827}.Release|Any CPU.ActiveCfg = Release|x86
		{276A14FB-F472-44EA-9212-C1B52A9B9827}.Release|Mixed Platforms.ActiveCfg = Release|x86
		{276A14FB-F472-44EA-9212-C1B52A9B9827}.Release|Mixed Platforms.Build.0 = Release|x86
		{276A14FB-F472-44EA-9212-C1B52A9B9827}.Release|Win32.ActiveCfg = Release|x86
		{276A14FB-F472-44EA-9212-C1B52A9B9827}.Release|x86.ActiveCfg = Release|x86
		{276A14FB-F472-44EA-9212-C1B52A9B9827}.Release|x86.Build.0 = Release|x86
		{87E61430-4243-45F2-B74E-0A4C096CEBF3}.Debug|Any CPU.ActiveCfg = Debug|Any CPU
		{87E61430-4243-45F2-B74E-0A4C096CEBF3}.Debug|Any CPU.Build.0 = Debug|Any CPU
		{87E61430-4243-45F2-B74E-0A4C096CEBF3}.Debug|Mixed Platforms.ActiveCfg = Debug|Any CPU
		{87E61430-4243-45F2-B74E-0A4C096CEBF3}.Debug|Mixed Platforms.Build.0 = Debug|Any CPU
		{87E61430-4243-45F2-B74E-0A4C096CEBF3}.Debug|Win32.ActiveCfg = Debug|Any CPU
		{87E61430-4243-45F2-B74E-0A4C096CEBF3}.Debug|x86.ActiveCfg = Debug|Any CPU
		{87E61430-4243-45F2-B74E-0A4C096CEBF3}.Release|Any CPU.ActiveCfg = Release|Any CPU
		{87E61430-4243-45F2-B74E-0A4C096CEBF3}.Release|Any CPU.Build.0 = Release|Any CPU
		{87E61430-4243-45F2-B74E-0A4C096CEBF3}.Release|Mixed Platforms.ActiveCfg = Release|Any CPU
		{87E61430-4243-45F2-B74E-0A4C096CEBF3}.Release|Mixed Platforms.Build.0 = Release|Any CPU
		{87E61430-4243-45F2-B74E-0A4C096CEBF3}.Release|Win32.ActiveCfg = Release|Any CPU
		{87E61430-4243-45F2-B74E-0A4C096CEBF3}.Release|x86.ActiveCfg = Release|Any CPU
		{4B1BD7BB-01FF-45D7-863E-A97CC106B1CE}.Debug|Any CPU.ActiveCfg = Debug|Any CPU
		{4B1BD7BB-01FF-45D7-863E-A97CC106B1CE}.Debug|Any CPU.Build.0 = Debug|Any CPU
		{4B1BD7BB-01FF-45D7-863E-A97CC106B1CE}.Debug|Mixed Platforms.ActiveCfg = Debug|Any CPU
		{4B1BD7BB-01FF-45D7-863E-A97CC106B1CE}.Debug|Mixed Platforms.Build.0 = Debug|Any CPU
		{4B1BD7BB-01FF-45D7-863E-A97CC106B1CE}.Debug|Win32.ActiveCfg = Debug|Any CPU
		{4B1BD7BB-01FF-45D7-863E-A97CC106B1CE}.Debug|x86.ActiveCfg = Debug|Any CPU
		{4B1BD7BB-01FF-45D7-863E-A97CC106B1CE}.Release|Any CPU.ActiveCfg = Release|Any CPU
		{4B1BD7BB-01FF-45D7-863E-A97CC106B1CE}.Release|Any CPU.Build.0 = Release|Any CPU
		{4B1BD7BB-01FF-45D7-863E-A97CC106B1CE}.Release|Mixed Platforms.ActiveCfg = Release|Any CPU
		{4B1BD7BB-01FF-45D7-863E-A97CC106B1CE}.Release|Mixed Platforms.Build.0 = Release|Any CPU
		{4B1BD7BB-01FF-45D7-863E-A97CC106B1CE}.Release|Win32.ActiveCfg = Release|Any CPU
		{4B1BD7BB-01FF-45D7-863E-A97CC106B1CE}.Release|x86.ActiveCfg = Release|Any CPU
		{C1A65C3D-CEEF-4F10-BEC3-AB182E7E45E3}.Debug|Any CPU.ActiveCfg = Debug|Any CPU
		{C1A65C3D-CEEF-4F10-BEC3-AB182E7E45E3}.Debug|Any CPU.Build.0 = Debug|Any CPU
		{C1A65C3D-CEEF-4F10-BEC3-AB182E7E45E3}.Debug|Mixed Platforms.ActiveCfg = Debug|Any CPU
		{C1A65C3D-CEEF-4F10-BEC3-AB182E7E45E3}.Debug|Mixed Platforms.Build.0 = Debug|Any CPU
		{C1A65C3D-CEEF-4F10-BEC3-AB182E7E45E3}.Debug|Win32.ActiveCfg = Debug|Any CPU
		{C1A65C3D-CEEF-4F10-BEC3-AB182E7E45E3}.Debug|x86.ActiveCfg = Debug|Any CPU
		{C1A65C3D-CEEF-4F10-BEC3-AB182E7E45E3}.Release|Any CPU.ActiveCfg = Release|Any CPU
		{C1A65C3D-CEEF-4F10-BEC3-AB182E7E45E3}.Release|Any CPU.Build.0 = Release|Any CPU
		{C1A65C3D-CEEF-4F10-BEC3-AB182E7E45E3}.Release|Mixed Platforms.ActiveCfg = Release|Any CPU
		{C1A65C3D-CEEF-4F10-BEC3-AB182E7E45E3}.Release|Mixed Platforms.Build.0 = Release|Any CPU
		{C1A65C3D-CEEF-4F10-BEC3-AB182E7E45E3}.Release|Win32.ActiveCfg = Release|Any CPU
		{C1A65C3D-CEEF-4F10-BEC3-AB182E7E45E3}.Release|x86.ActiveCfg = Release|Any CPU
		{6C55B776-26D4-4DB3-A6AB-87E783B2F3D1}.Debug|Any CPU.ActiveCfg = Debug|Any CPU
		{6C55B776-26D4-4DB3-A6AB-87E783B2F3D1}.Debug|Any CPU.Build.0 = Debug|Any CPU
		{6C55B776-26D4-4DB3-A6AB-87E783B2F3D1}.Debug|Mixed Platforms.ActiveCfg = Debug|Any CPU
		{6C55B776-26D4-4DB3-A6AB-87E783B2F3D1}.Debug|Mixed Platforms.Build.0 = Debug|Any CPU
		{6C55B776-26D4-4DB3-A6AB-87E783B2F3D1}.Debug|Win32.ActiveCfg = Debug|Any CPU
		{6C55B776-26D4-4DB3-A6AB-87E783B2F3D1}.Debug|x86.ActiveCfg = Debug|Any CPU
		{6C55B776-26D4-4DB3-A6AB-87E783B2F3D1}.Release|Any CPU.ActiveCfg = Release|Any CPU
		{6C55B776-26D4-4DB3-A6AB-87E783B2F3D1}.Release|Any CPU.Build.0 = Release|Any CPU
		{6C55B776-26D4-4DB3-A6AB-87E783B2F3D1}.Release|Mixed Platforms.ActiveCfg = Release|Any CPU
		{6C55B776-26D4-4DB3-A6AB-87E783B2F3D1}.Release|Mixed Platforms.Build.0 = Release|Any CPU
		{6C55B776-26D4-4DB3-A6AB-87E783B2F3D1}.Release|Win32.ActiveCfg = Release|Any CPU
		{6C55B776-26D4-4DB3-A6AB-87E783B2F3D1}.Release|x86.ActiveCfg = Release|Any CPU
		{44EE82A4-7543-4E06-9220-18E62F7DEE70}.Debug|Any CPU.ActiveCfg = Debug|Win32
		{44EE82A4-7543-4E06-9220-18E62F7DEE70}.Debug|Mixed Platforms.ActiveCfg = Debug|Win32
		{44EE82A4-7543-4E06-9220-18E62F7DEE70}.Debug|Mixed Platforms.Build.0 = Debug|Win32
		{44EE82A4-7543-4E06-9220-18E62F7DEE70}.Debug|Win32.ActiveCfg = Debug|Win32
		{44EE82A4-7543-4E06-9220-18E62F7DEE70}.Debug|Win32.Build.0 = Debug|Win32
		{44EE82A4-7543-4E06-9220-18E62F7DEE70}.Debug|x86.ActiveCfg = Debug|Win32
		{44EE82A4-7543-4E06-9220-18E62F7DEE70}.Release|Any CPU.ActiveCfg = Release|Win32
		{44EE82A4-7543-4E06-9220-18E62F7DEE70}.Release|Mixed Platforms.ActiveCfg = Release|Win32
		{44EE82A4-7543-4E06-9220-18E62F7DEE70}.Release|Mixed Platforms.Build.0 = Release|Win32
		{44EE82A4-7543-4E06-9220-18E62F7DEE70}.Release|Win32.ActiveCfg = Release|Win32
		{44EE82A4-7543-4E06-9220-18E62F7DEE70}.Release|Win32.Build.0 = Release|Win32
		{44EE82A4-7543-4E06-9220-18E62F7DEE70}.Release|x86.ActiveCfg = Release|Win32
		{C9B7754B-C6C2-4DA8-8651-AEF85448EAA5}.Debug|Any CPU.ActiveCfg = Debug|x86
		{C9B7754B-C6C2-4DA8-8651-AEF85448EAA5}.Debug|Mixed Platforms.ActiveCfg = Debug|x86
		{C9B7754B-C6C2-4DA8-8651-AEF85448EAA5}.Debug|Mixed Platforms.Build.0 = Debug|x86
		{C9B7754B-C6C2-4DA8-8651-AEF85448EAA5}.Debug|Win32.ActiveCfg = Debug|x86
		{C9B7754B-C6C2-4DA8-8651-AEF85448EAA5}.Debug|x86.ActiveCfg = Debug|x86
		{C9B7754B-C6C2-4DA8-8651-AEF85448EAA5}.Debug|x86.Build.0 = Debug|x86
		{C9B7754B-C6C2-4DA8-8651-AEF85448EAA5}.Release|Any CPU.ActiveCfg = Release|x86
		{C9B7754B-C6C2-4DA8-8651-AEF85448EAA5}.Release|Mixed Platforms.ActiveCfg = Release|x86
		{C9B7754B-C6C2-4DA8-8651-AEF85448EAA5}.Release|Mixed Platforms.Build.0 = Release|x86
		{C9B7754B-C6C2-4DA8-8651-AEF85448EAA5}.Release|Win32.ActiveCfg = Release|x86
		{C9B7754B-C6C2-4DA8-8651-AEF85448EAA5}.Release|x86.ActiveCfg = Release|x86
		{C9B7754B-C6C2-4DA8-8651-AEF85448EAA5}.Release|x86.Build.0 = Release|x86
	EndGlobalSection
	GlobalSection(SolutionProperties) = preSolution
		HideSolutionNode = FALSE
	EndGlobalSection
EndGlobal
