
Microsoft Visual Studio Solution File, Format Version 11.00
# Visual Studio 2010
Project("{FAE04EC0-301F-11D3-BF4B-00C04F79EFBC}") = "Common", "Common\Common.csproj", "{5592A221-47A5-4489-9E70-081F66F2AD7D}"
EndProject
Project("{FAE04EC0-301F-11D3-BF4B-00C04F79EFBC}") = "IDE", "IDE\IDE.csproj", "{276A14FB-F472-44EA-9212-C1B52A9B9827}"
EndProject
Project("{FAE04EC0-301F-11D3-BF4B-00C04F79EFBC}") = "AvalonDock", "AvalonDock\AvalonDock.csproj", "{87E61430-4243-45F2-B74E-0A4C096CEBF3}"
EndProject
Project("{FAE04EC0-301F-11D3-BF4B-00C04F79EFBC}") = "ICSharpCode.AvalonEdit", "ICSharpCode.AvalonEdit\ICSharpCode.AvalonEdit.csproj", "{6C55B776-26D4-4DB3-A6AB-87E783B2F3D1}"
EndProject
Project("{8BC9CEB8-8B4A-11D0-8D11-00A0C91BC942}") = "LevelEditor", "LevelEditor\LevelEditor.vcxproj", "{A96DB6FA-DA44-469B-B0DA-E96F7B0E28DA}"
EndProject
Project("{2150E333-8FDC-42A3-9474-1A3956D46DE8}") = "Solution Items", "Solution Items", "{23DB6796-55AD-4760-BB86-0FBB414269D6}"
	ProjectSection(SolutionItems) = preProject
		Performance1.psess = Performance1.psess
	EndProjectSection
EndProject
Project("{FAE04EC0-301F-11D3-BF4B-00C04F79EFBC}") = "AIPackagesEditor", "AIPackagesEditor\AIPackagesEditor.csproj", "{A1B0095B-1108-4C76-B80B-7F7EBC679546}"
EndProject
Project("{8BC9CEB8-8B4A-11D0-8D11-00A0C91BC942}") = "Engine", "..\Engine\Engine.vcxproj", "{A110B53D-FF13-4B46-BE40-DF3377753D29}"
EndProject
Global
	GlobalSection(SolutionConfigurationPlatforms) = preSolution
		Debug|Any CPU = Debug|Any CPU
		Debug|Mixed Platforms = Debug|Mixed Platforms
		Debug|Win32 = Debug|Win32
		Debug|x86 = Debug|x86
		MinSizeRel|Any CPU = MinSizeRel|Any CPU
		MinSizeRel|Mixed Platforms = MinSizeRel|Mixed Platforms
		MinSizeRel|Win32 = MinSizeRel|Win32
		MinSizeRel|x86 = MinSizeRel|x86
		Release|Any CPU = Release|Any CPU
		Release|Mixed Platforms = Release|Mixed Platforms
		Release|Win32 = Release|Win32
		Release|x86 = Release|x86
		RelWithDebInfo|Any CPU = RelWithDebInfo|Any CPU
		RelWithDebInfo|Mixed Platforms = RelWithDebInfo|Mixed Platforms
		RelWithDebInfo|Win32 = RelWithDebInfo|Win32
		RelWithDebInfo|x86 = RelWithDebInfo|x86
	EndGlobalSection
	GlobalSection(ProjectConfigurationPlatforms) = postSolution
		{5592A221-47A5-4489-9E70-081F66F2AD7D}.Debug|Any CPU.ActiveCfg = Debug|Any CPU
		{5592A221-47A5-4489-9E70-081F66F2AD7D}.Debug|Any CPU.Build.0 = Debug|Any CPU
		{5592A221-47A5-4489-9E70-081F66F2AD7D}.Debug|Mixed Platforms.ActiveCfg = Debug|Any CPU
		{5592A221-47A5-4489-9E70-081F66F2AD7D}.Debug|Mixed Platforms.Build.0 = Debug|Any CPU
		{5592A221-47A5-4489-9E70-081F66F2AD7D}.Debug|Win32.ActiveCfg = Debug|Any CPU
		{5592A221-47A5-4489-9E70-081F66F2AD7D}.Debug|x86.ActiveCfg = Debug|Any CPU
		{5592A221-47A5-4489-9E70-081F66F2AD7D}.MinSizeRel|Any CPU.ActiveCfg = Release|Any CPU
		{5592A221-47A5-4489-9E70-081F66F2AD7D}.MinSizeRel|Any CPU.Build.0 = Release|Any CPU
		{5592A221-47A5-4489-9E70-081F66F2AD7D}.MinSizeRel|Mixed Platforms.ActiveCfg = Release|Any CPU
		{5592A221-47A5-4489-9E70-081F66F2AD7D}.MinSizeRel|Mixed Platforms.Build.0 = Release|Any CPU
		{5592A221-47A5-4489-9E70-081F66F2AD7D}.MinSizeRel|Win32.ActiveCfg = Release|Any CPU
		{5592A221-47A5-4489-9E70-081F66F2AD7D}.MinSizeRel|x86.ActiveCfg = Release|Any CPU
		{5592A221-47A5-4489-9E70-081F66F2AD7D}.Release|Any CPU.ActiveCfg = Release|Any CPU
		{5592A221-47A5-4489-9E70-081F66F2AD7D}.Release|Any CPU.Build.0 = Release|Any CPU
		{5592A221-47A5-4489-9E70-081F66F2AD7D}.Release|Mixed Platforms.ActiveCfg = Release|Any CPU
		{5592A221-47A5-4489-9E70-081F66F2AD7D}.Release|Mixed Platforms.Build.0 = Release|Any CPU
		{5592A221-47A5-4489-9E70-081F66F2AD7D}.Release|Win32.ActiveCfg = Release|Any CPU
		{5592A221-47A5-4489-9E70-081F66F2AD7D}.Release|x86.ActiveCfg = Release|Any CPU
		{5592A221-47A5-4489-9E70-081F66F2AD7D}.RelWithDebInfo|Any CPU.ActiveCfg = Release|Any CPU
		{5592A221-47A5-4489-9E70-081F66F2AD7D}.RelWithDebInfo|Any CPU.Build.0 = Release|Any CPU
		{5592A221-47A5-4489-9E70-081F66F2AD7D}.RelWithDebInfo|Mixed Platforms.ActiveCfg = Release|Any CPU
		{5592A221-47A5-4489-9E70-081F66F2AD7D}.RelWithDebInfo|Mixed Platforms.Build.0 = Release|Any CPU
		{5592A221-47A5-4489-9E70-081F66F2AD7D}.RelWithDebInfo|Win32.ActiveCfg = Release|Any CPU
		{5592A221-47A5-4489-9E70-081F66F2AD7D}.RelWithDebInfo|x86.ActiveCfg = Release|Any CPU
		{276A14FB-F472-44EA-9212-C1B52A9B9827}.Debug|Any CPU.ActiveCfg = Debug|x86
		{276A14FB-F472-44EA-9212-C1B52A9B9827}.Debug|Mixed Platforms.ActiveCfg = Debug|x86
		{276A14FB-F472-44EA-9212-C1B52A9B9827}.Debug|Mixed Platforms.Build.0 = Debug|x86
		{276A14FB-F472-44EA-9212-C1B52A9B9827}.Debug|Win32.ActiveCfg = Debug|x86
		{276A14FB-F472-44EA-9212-C1B52A9B9827}.Debug|x86.ActiveCfg = Debug|x86
		{276A14FB-F472-44EA-9212-C1B52A9B9827}.Debug|x86.Build.0 = Debug|x86
		{276A14FB-F472-44EA-9212-C1B52A9B9827}.MinSizeRel|Any CPU.ActiveCfg = Release|x86
		{276A14FB-F472-44EA-9212-C1B52A9B9827}.MinSizeRel|Mixed Platforms.ActiveCfg = Release|x86
		{276A14FB-F472-44EA-9212-C1B52A9B9827}.MinSizeRel|Mixed Platforms.Build.0 = Release|x86
		{276A14FB-F472-44EA-9212-C1B52A9B9827}.MinSizeRel|Win32.ActiveCfg = Release|x86
		{276A14FB-F472-44EA-9212-C1B52A9B9827}.MinSizeRel|x86.ActiveCfg = Release|x86
		{276A14FB-F472-44EA-9212-C1B52A9B9827}.MinSizeRel|x86.Build.0 = Release|x86
		{276A14FB-F472-44EA-9212-C1B52A9B9827}.Release|Any CPU.ActiveCfg = Release|x86
		{276A14FB-F472-44EA-9212-C1B52A9B9827}.Release|Mixed Platforms.ActiveCfg = Release|x86
		{276A14FB-F472-44EA-9212-C1B52A9B9827}.Release|Mixed Platforms.Build.0 = Release|x86
		{276A14FB-F472-44EA-9212-C1B52A9B9827}.Release|Win32.ActiveCfg = Release|x86
		{276A14FB-F472-44EA-9212-C1B52A9B9827}.Release|x86.ActiveCfg = Release|x86
		{276A14FB-F472-44EA-9212-C1B52A9B9827}.Release|x86.Build.0 = Release|x86
		{276A14FB-F472-44EA-9212-C1B52A9B9827}.RelWithDebInfo|Any CPU.ActiveCfg = Release|x86
		{276A14FB-F472-44EA-9212-C1B52A9B9827}.RelWithDebInfo|Mixed Platforms.ActiveCfg = Release|x86
		{276A14FB-F472-44EA-9212-C1B52A9B9827}.RelWithDebInfo|Mixed Platforms.Build.0 = Release|x86
		{276A14FB-F472-44EA-9212-C1B52A9B9827}.RelWithDebInfo|Win32.ActiveCfg = Release|x86
		{276A14FB-F472-44EA-9212-C1B52A9B9827}.RelWithDebInfo|x86.ActiveCfg = Release|x86
		{276A14FB-F472-44EA-9212-C1B52A9B9827}.RelWithDebInfo|x86.Build.0 = Release|x86
		{87E61430-4243-45F2-B74E-0A4C096CEBF3}.Debug|Any CPU.ActiveCfg = Debug|Any CPU
		{87E61430-4243-45F2-B74E-0A4C096CEBF3}.Debug|Any CPU.Build.0 = Debug|Any CPU
		{87E61430-4243-45F2-B74E-0A4C096CEBF3}.Debug|Mixed Platforms.ActiveCfg = Debug|Any CPU
		{87E61430-4243-45F2-B74E-0A4C096CEBF3}.Debug|Mixed Platforms.Build.0 = Debug|Any CPU
		{87E61430-4243-45F2-B74E-0A4C096CEBF3}.Debug|Win32.ActiveCfg = Debug|Any CPU
		{87E61430-4243-45F2-B74E-0A4C096CEBF3}.Debug|x86.ActiveCfg = Debug|Any CPU
		{87E61430-4243-45F2-B74E-0A4C096CEBF3}.MinSizeRel|Any CPU.ActiveCfg = Release|Any CPU
		{87E61430-4243-45F2-B74E-0A4C096CEBF3}.MinSizeRel|Any CPU.Build.0 = Release|Any CPU
		{87E61430-4243-45F2-B74E-0A4C096CEBF3}.MinSizeRel|Mixed Platforms.ActiveCfg = Release|Any CPU
		{87E61430-4243-45F2-B74E-0A4C096CEBF3}.MinSizeRel|Mixed Platforms.Build.0 = Release|Any CPU
		{87E61430-4243-45F2-B74E-0A4C096CEBF3}.MinSizeRel|Win32.ActiveCfg = Release|Any CPU
		{87E61430-4243-45F2-B74E-0A4C096CEBF3}.MinSizeRel|x86.ActiveCfg = Release|Any CPU
		{87E61430-4243-45F2-B74E-0A4C096CEBF3}.Release|Any CPU.ActiveCfg = Release|Any CPU
		{87E61430-4243-45F2-B74E-0A4C096CEBF3}.Release|Any CPU.Build.0 = Release|Any CPU
		{87E61430-4243-45F2-B74E-0A4C096CEBF3}.Release|Mixed Platforms.ActiveCfg = Release|Any CPU
		{87E61430-4243-45F2-B74E-0A4C096CEBF3}.Release|Mixed Platforms.Build.0 = Release|Any CPU
		{87E61430-4243-45F2-B74E-0A4C096CEBF3}.Release|Win32.ActiveCfg = Release|Any CPU
		{87E61430-4243-45F2-B74E-0A4C096CEBF3}.Release|x86.ActiveCfg = Release|Any CPU
		{87E61430-4243-45F2-B74E-0A4C096CEBF3}.RelWithDebInfo|Any CPU.ActiveCfg = Release|Any CPU
		{87E61430-4243-45F2-B74E-0A4C096CEBF3}.RelWithDebInfo|Any CPU.Build.0 = Release|Any CPU
		{87E61430-4243-45F2-B74E-0A4C096CEBF3}.RelWithDebInfo|Mixed Platforms.ActiveCfg = Release|Any CPU
		{87E61430-4243-45F2-B74E-0A4C096CEBF3}.RelWithDebInfo|Mixed Platforms.Build.0 = Release|Any CPU
		{87E61430-4243-45F2-B74E-0A4C096CEBF3}.RelWithDebInfo|Win32.ActiveCfg = Release|Any CPU
		{87E61430-4243-45F2-B74E-0A4C096CEBF3}.RelWithDebInfo|x86.ActiveCfg = Release|Any CPU
		{6C55B776-26D4-4DB3-A6AB-87E783B2F3D1}.Debug|Any CPU.ActiveCfg = Debug|Any CPU
		{6C55B776-26D4-4DB3-A6AB-87E783B2F3D1}.Debug|Any CPU.Build.0 = Debug|Any CPU
		{6C55B776-26D4-4DB3-A6AB-87E783B2F3D1}.Debug|Mixed Platforms.ActiveCfg = Debug|Any CPU
		{6C55B776-26D4-4DB3-A6AB-87E783B2F3D1}.Debug|Mixed Platforms.Build.0 = Debug|Any CPU
		{6C55B776-26D4-4DB3-A6AB-87E783B2F3D1}.Debug|Win32.ActiveCfg = Debug|Any CPU
		{6C55B776-26D4-4DB3-A6AB-87E783B2F3D1}.Debug|x86.ActiveCfg = Debug|Any CPU
		{6C55B776-26D4-4DB3-A6AB-87E783B2F3D1}.MinSizeRel|Any CPU.ActiveCfg = Release|Any CPU
		{6C55B776-26D4-4DB3-A6AB-87E783B2F3D1}.MinSizeRel|Any CPU.Build.0 = Release|Any CPU
		{6C55B776-26D4-4DB3-A6AB-87E783B2F3D1}.MinSizeRel|Mixed Platforms.ActiveCfg = Release|Any CPU
		{6C55B776-26D4-4DB3-A6AB-87E783B2F3D1}.MinSizeRel|Mixed Platforms.Build.0 = Release|Any CPU
		{6C55B776-26D4-4DB3-A6AB-87E783B2F3D1}.MinSizeRel|Win32.ActiveCfg = Release|Any CPU
		{6C55B776-26D4-4DB3-A6AB-87E783B2F3D1}.MinSizeRel|x86.ActiveCfg = Release|Any CPU
		{6C55B776-26D4-4DB3-A6AB-87E783B2F3D1}.Release|Any CPU.ActiveCfg = Release|Any CPU
		{6C55B776-26D4-4DB3-A6AB-87E783B2F3D1}.Release|Any CPU.Build.0 = Release|Any CPU
		{6C55B776-26D4-4DB3-A6AB-87E783B2F3D1}.Release|Mixed Platforms.ActiveCfg = Release|Any CPU
		{6C55B776-26D4-4DB3-A6AB-87E783B2F3D1}.Release|Mixed Platforms.Build.0 = Release|Any CPU
		{6C55B776-26D4-4DB3-A6AB-87E783B2F3D1}.Release|Win32.ActiveCfg = Release|Any CPU
		{6C55B776-26D4-4DB3-A6AB-87E783B2F3D1}.Release|x86.ActiveCfg = Release|Any CPU
		{6C55B776-26D4-4DB3-A6AB-87E783B2F3D1}.RelWithDebInfo|Any CPU.ActiveCfg = Release|Any CPU
		{6C55B776-26D4-4DB3-A6AB-87E783B2F3D1}.RelWithDebInfo|Any CPU.Build.0 = Release|Any CPU
		{6C55B776-26D4-4DB3-A6AB-87E783B2F3D1}.RelWithDebInfo|Mixed Platforms.ActiveCfg = Release|Any CPU
		{6C55B776-26D4-4DB3-A6AB-87E783B2F3D1}.RelWithDebInfo|Mixed Platforms.Build.0 = Release|Any CPU
		{6C55B776-26D4-4DB3-A6AB-87E783B2F3D1}.RelWithDebInfo|Win32.ActiveCfg = Release|Any CPU
		{6C55B776-26D4-4DB3-A6AB-87E783B2F3D1}.RelWithDebInfo|x86.ActiveCfg = Release|Any CPU
		{A96DB6FA-DA44-469B-B0DA-E96F7B0E28DA}.Debug|Any CPU.ActiveCfg = Debug|Win32
		{A96DB6FA-DA44-469B-B0DA-E96F7B0E28DA}.Debug|Mixed Platforms.ActiveCfg = Debug|Win32
		{A96DB6FA-DA44-469B-B0DA-E96F7B0E28DA}.Debug|Mixed Platforms.Build.0 = Debug|Win32
		{A96DB6FA-DA44-469B-B0DA-E96F7B0E28DA}.Debug|Win32.ActiveCfg = Debug|Win32
		{A96DB6FA-DA44-469B-B0DA-E96F7B0E28DA}.Debug|Win32.Build.0 = Debug|Win32
		{A96DB6FA-DA44-469B-B0DA-E96F7B0E28DA}.Debug|x86.ActiveCfg = Debug|Win32
		{A96DB6FA-DA44-469B-B0DA-E96F7B0E28DA}.MinSizeRel|Any CPU.ActiveCfg = Release|Win32
		{A96DB6FA-DA44-469B-B0DA-E96F7B0E28DA}.MinSizeRel|Mixed Platforms.ActiveCfg = Release|Win32
		{A96DB6FA-DA44-469B-B0DA-E96F7B0E28DA}.MinSizeRel|Mixed Platforms.Build.0 = Release|Win32
		{A96DB6FA-DA44-469B-B0DA-E96F7B0E28DA}.MinSizeRel|Win32.ActiveCfg = Release|Win32
		{A96DB6FA-DA44-469B-B0DA-E96F7B0E28DA}.MinSizeRel|Win32.Build.0 = Release|Win32
		{A96DB6FA-DA44-469B-B0DA-E96F7B0E28DA}.MinSizeRel|x86.ActiveCfg = Release|Win32
		{A96DB6FA-DA44-469B-B0DA-E96F7B0E28DA}.Release|Any CPU.ActiveCfg = Release|Win32
		{A96DB6FA-DA44-469B-B0DA-E96F7B0E28DA}.Release|Mixed Platforms.ActiveCfg = Release|Win32
		{A96DB6FA-DA44-469B-B0DA-E96F7B0E28DA}.Release|Mixed Platforms.Build.0 = Release|Win32
		{A96DB6FA-DA44-469B-B0DA-E96F7B0E28DA}.Release|Win32.ActiveCfg = Release|Win32
		{A96DB6FA-DA44-469B-B0DA-E96F7B0E28DA}.Release|Win32.Build.0 = Release|Win32
		{A96DB6FA-DA44-469B-B0DA-E96F7B0E28DA}.Release|x86.ActiveCfg = Release|Win32
		{A96DB6FA-DA44-469B-B0DA-E96F7B0E28DA}.RelWithDebInfo|Any CPU.ActiveCfg = Release|Win32
		{A96DB6FA-DA44-469B-B0DA-E96F7B0E28DA}.RelWithDebInfo|Mixed Platforms.ActiveCfg = Release|Win32
		{A96DB6FA-DA44-469B-B0DA-E96F7B0E28DA}.RelWithDebInfo|Mixed Platforms.Build.0 = Release|Win32
		{A96DB6FA-DA44-469B-B0DA-E96F7B0E28DA}.RelWithDebInfo|Win32.ActiveCfg = Release|Win32
		{A96DB6FA-DA44-469B-B0DA-E96F7B0E28DA}.RelWithDebInfo|Win32.Build.0 = Release|Win32
		{A96DB6FA-DA44-469B-B0DA-E96F7B0E28DA}.RelWithDebInfo|x86.ActiveCfg = Release|Win32
		{A1B0095B-1108-4C76-B80B-7F7EBC679546}.Debug|Any CPU.ActiveCfg = Debug|Any CPU
		{A1B0095B-1108-4C76-B80B-7F7EBC679546}.Debug|Any CPU.Build.0 = Debug|Any CPU
		{A1B0095B-1108-4C76-B80B-7F7EBC679546}.Debug|Mixed Platforms.ActiveCfg = Debug|Any CPU
		{A1B0095B-1108-4C76-B80B-7F7EBC679546}.Debug|Mixed Platforms.Build.0 = Debug|Any CPU
		{A1B0095B-1108-4C76-B80B-7F7EBC679546}.Debug|Win32.ActiveCfg = Debug|Any CPU
		{A1B0095B-1108-4C76-B80B-7F7EBC679546}.Debug|x86.ActiveCfg = Debug|Any CPU
		{A1B0095B-1108-4C76-B80B-7F7EBC679546}.MinSizeRel|Any CPU.ActiveCfg = Release|Any CPU
		{A1B0095B-1108-4C76-B80B-7F7EBC679546}.MinSizeRel|Any CPU.Build.0 = Release|Any CPU
		{A1B0095B-1108-4C76-B80B-7F7EBC679546}.MinSizeRel|Mixed Platforms.ActiveCfg = Release|Any CPU
		{A1B0095B-1108-4C76-B80B-7F7EBC679546}.MinSizeRel|Mixed Platforms.Build.0 = Release|Any CPU
		{A1B0095B-1108-4C76-B80B-7F7EBC679546}.MinSizeRel|Win32.ActiveCfg = Release|Any CPU
		{A1B0095B-1108-4C76-B80B-7F7EBC679546}.MinSizeRel|x86.ActiveCfg = Release|Any CPU
		{A1B0095B-1108-4C76-B80B-7F7EBC679546}.Release|Any CPU.ActiveCfg = Release|Any CPU
		{A1B0095B-1108-4C76-B80B-7F7EBC679546}.Release|Any CPU.Build.0 = Release|Any CPU
		{A1B0095B-1108-4C76-B80B-7F7EBC679546}.Release|Mixed Platforms.ActiveCfg = Release|Any CPU
		{A1B0095B-1108-4C76-B80B-7F7EBC679546}.Release|Mixed Platforms.Build.0 = Release|Any CPU
		{A1B0095B-1108-4C76-B80B-7F7EBC679546}.Release|Win32.ActiveCfg = Release|Any CPU
		{A1B0095B-1108-4C76-B80B-7F7EBC679546}.Release|x86.ActiveCfg = Release|Any CPU
		{A1B0095B-1108-4C76-B80B-7F7EBC679546}.RelWithDebInfo|Any CPU.ActiveCfg = Release|Any CPU
		{A1B0095B-1108-4C76-B80B-7F7EBC679546}.RelWithDebInfo|Any CPU.Build.0 = Release|Any CPU
		{A1B0095B-1108-4C76-B80B-7F7EBC679546}.RelWithDebInfo|Mixed Platforms.ActiveCfg = Release|Any CPU
		{A1B0095B-1108-4C76-B80B-7F7EBC679546}.RelWithDebInfo|Mixed Platforms.Build.0 = Release|Any CPU
		{A1B0095B-1108-4C76-B80B-7F7EBC679546}.RelWithDebInfo|Win32.ActiveCfg = Release|Any CPU
		{A1B0095B-1108-4C76-B80B-7F7EBC679546}.RelWithDebInfo|x86.ActiveCfg = Release|Any CPU
		{A110B53D-FF13-4B46-BE40-DF3377753D29}.Debug|Any CPU.ActiveCfg = Debug|Win32
		{A110B53D-FF13-4B46-BE40-DF3377753D29}.Debug|Mixed Platforms.ActiveCfg = Debug|Win32
		{A110B53D-FF13-4B46-BE40-DF3377753D29}.Debug|Mixed Platforms.Build.0 = Debug|Win32
		{A110B53D-FF13-4B46-BE40-DF3377753D29}.Debug|Win32.ActiveCfg = Debug|Win32
		{A110B53D-FF13-4B46-BE40-DF3377753D29}.Debug|Win32.Build.0 = Debug|Win32
		{A110B53D-FF13-4B46-BE40-DF3377753D29}.Debug|x86.ActiveCfg = Debug|Win32
		{A110B53D-FF13-4B46-BE40-DF3377753D29}.MinSizeRel|Any CPU.ActiveCfg = Release|Win32
		{A110B53D-FF13-4B46-BE40-DF3377753D29}.MinSizeRel|Mixed Platforms.ActiveCfg = Release|Win32
		{A110B53D-FF13-4B46-BE40-DF3377753D29}.MinSizeRel|Mixed Platforms.Build.0 = Release|Win32
		{A110B53D-FF13-4B46-BE40-DF3377753D29}.MinSizeRel|Win32.ActiveCfg = Release|Win32
		{A110B53D-FF13-4B46-BE40-DF3377753D29}.MinSizeRel|Win32.Build.0 = Release|Win32
		{A110B53D-FF13-4B46-BE40-DF3377753D29}.MinSizeRel|x86.ActiveCfg = Release|Win32
		{A110B53D-FF13-4B46-BE40-DF3377753D29}.Release|Any CPU.ActiveCfg = Release|Win32
		{A110B53D-FF13-4B46-BE40-DF3377753D29}.Release|Mixed Platforms.ActiveCfg = Release|Win32
		{A110B53D-FF13-4B46-BE40-DF3377753D29}.Release|Mixed Platforms.Build.0 = Release|Win32
		{A110B53D-FF13-4B46-BE40-DF3377753D29}.Release|Win32.ActiveCfg = Release|Win32
		{A110B53D-FF13-4B46-BE40-DF3377753D29}.Release|Win32.Build.0 = Release|Win32
		{A110B53D-FF13-4B46-BE40-DF3377753D29}.Release|x86.ActiveCfg = Release|Win32
		{A110B53D-FF13-4B46-BE40-DF3377753D29}.RelWithDebInfo|Any CPU.ActiveCfg = Release|Win32
		{A110B53D-FF13-4B46-BE40-DF3377753D29}.RelWithDebInfo|Mixed Platforms.ActiveCfg = Release|Win32
		{A110B53D-FF13-4B46-BE40-DF3377753D29}.RelWithDebInfo|Mixed Platforms.Build.0 = Release|Win32
		{A110B53D-FF13-4B46-BE40-DF3377753D29}.RelWithDebInfo|Win32.ActiveCfg = Release|Win32
		{A110B53D-FF13-4B46-BE40-DF3377753D29}.RelWithDebInfo|Win32.Build.0 = Release|Win32
		{A110B53D-FF13-4B46-BE40-DF3377753D29}.RelWithDebInfo|x86.ActiveCfg = Release|Win32
	EndGlobalSection
	GlobalSection(SolutionProperties) = preSolution
		HideSolutionNode = FALSE
	EndGlobalSection
EndGlobal
